// !$*UTF8*$!
{
	archiveVersion = 1;
	classes = {
	};
	objectVersion = 42;
	objects = {

/* Begin PBXBuildFile section */
		12129D9C0923C1CD00216E1B /* libjack.0.dylib in Frameworks */ = {isa = PBXBuildFile; fileRef = 12129D9B0923C1CD00216E1B /* libjack.0.dylib */; };
		12129D9D0923C1CD00216E1B /* libjack.0.dylib in Frameworks */ = {isa = PBXBuildFile; fileRef = 12129D9B0923C1CD00216E1B /* libjack.0.dylib */; };
		1218422D090673A500E90F1F /* libguile-ltdl.1.dylib in Frameworks */ = {isa = PBXBuildFile; fileRef = 12184222090673A500E90F1F /* libguile-ltdl.1.dylib */; };
		1218422E090673A500E90F1F /* libguile-ltdl.dylib in Frameworks */ = {isa = PBXBuildFile; fileRef = 12184223090673A500E90F1F /* libguile-ltdl.dylib */; };
		1218422F090673A500E90F1F /* libguile-srfi-srfi-4-v-1.dylib in Frameworks */ = {isa = PBXBuildFile; fileRef = 12184224090673A500E90F1F /* libguile-srfi-srfi-4-v-1.dylib */; };
		12184230090673A500E90F1F /* libguile-srfi-srfi-13-14-v-1.dylib in Frameworks */ = {isa = PBXBuildFile; fileRef = 12184225090673A500E90F1F /* libguile-srfi-srfi-13-14-v-1.dylib */; };
		12184231090673A500E90F1F /* libguile.12.dylib in Frameworks */ = {isa = PBXBuildFile; fileRef = 12184226090673A500E90F1F /* libguile.12.dylib */; };
		12184232090673A500E90F1F /* libjpeg.62.dylib in Frameworks */ = {isa = PBXBuildFile; fileRef = 12184227090673A500E90F1F /* libjpeg.62.dylib */; };
		12184233090673A500E90F1F /* liblo.0.dylib in Frameworks */ = {isa = PBXBuildFile; fileRef = 12184228090673A500E90F1F /* liblo.0.dylib */; };
		12184234090673A500E90F1F /* libpng.3.dylib in Frameworks */ = {isa = PBXBuildFile; fileRef = 12184229090673A500E90F1F /* libpng.3.dylib */; };
		12184235090673A500E90F1F /* libsndfile.1.dylib in Frameworks */ = {isa = PBXBuildFile; fileRef = 1218422A090673A500E90F1F /* libsndfile.1.dylib */; };
		12184236090673A500E90F1F /* libtiff.3.dylib in Frameworks */ = {isa = PBXBuildFile; fileRef = 1218422B090673A500E90F1F /* libtiff.3.dylib */; };
		12184237090673A500E90F1F /* libz.1.dylib in Frameworks */ = {isa = PBXBuildFile; fileRef = 1218422C090673A500E90F1F /* libz.1.dylib */; };
		12184238090673A500E90F1F /* libguile-ltdl.1.dylib in Frameworks */ = {isa = PBXBuildFile; fileRef = 12184222090673A500E90F1F /* libguile-ltdl.1.dylib */; };
		12184239090673A600E90F1F /* libguile-ltdl.dylib in Frameworks */ = {isa = PBXBuildFile; fileRef = 12184223090673A500E90F1F /* libguile-ltdl.dylib */; };
		1218423A090673A600E90F1F /* libguile-srfi-srfi-4-v-1.dylib in Frameworks */ = {isa = PBXBuildFile; fileRef = 12184224090673A500E90F1F /* libguile-srfi-srfi-4-v-1.dylib */; };
		1218423B090673A600E90F1F /* libguile-srfi-srfi-13-14-v-1.dylib in Frameworks */ = {isa = PBXBuildFile; fileRef = 12184225090673A500E90F1F /* libguile-srfi-srfi-13-14-v-1.dylib */; };
		1218423C090673A600E90F1F /* libguile.12.dylib in Frameworks */ = {isa = PBXBuildFile; fileRef = 12184226090673A500E90F1F /* libguile.12.dylib */; };
		1218423D090673A600E90F1F /* libjpeg.62.dylib in Frameworks */ = {isa = PBXBuildFile; fileRef = 12184227090673A500E90F1F /* libjpeg.62.dylib */; };
		1218423E090673A600E90F1F /* liblo.0.dylib in Frameworks */ = {isa = PBXBuildFile; fileRef = 12184228090673A500E90F1F /* liblo.0.dylib */; };
		1218423F090673A600E90F1F /* libpng.3.dylib in Frameworks */ = {isa = PBXBuildFile; fileRef = 12184229090673A500E90F1F /* libpng.3.dylib */; };
		12184240090673A600E90F1F /* libsndfile.1.dylib in Frameworks */ = {isa = PBXBuildFile; fileRef = 1218422A090673A500E90F1F /* libsndfile.1.dylib */; };
		12184241090673A600E90F1F /* libtiff.3.dylib in Frameworks */ = {isa = PBXBuildFile; fileRef = 1218422B090673A500E90F1F /* libtiff.3.dylib */; };
		12184242090673A600E90F1F /* libz.1.dylib in Frameworks */ = {isa = PBXBuildFile; fileRef = 1218422C090673A500E90F1F /* libz.1.dylib */; };
		12536C690905603D00375D6A /* libode.a in Frameworks */ = {isa = PBXBuildFile; fileRef = FD7A823207CD205A00DD512F /* libode.a */; };
		12536C6E090560EE00375D6A /* Recorder.cpp in Sources */ = {isa = PBXBuildFile; fileRef = 12536C6C090560EE00375D6A /* Recorder.cpp */; };
		12536C6F090560EE00375D6A /* Recorder.h in CopyFiles */ = {isa = PBXBuildFile; fileRef = 12536C6D090560EE00375D6A /* Recorder.h */; };
		12536C70090560EE00375D6A /* Recorder.cpp in Sources */ = {isa = PBXBuildFile; fileRef = 12536C6C090560EE00375D6A /* Recorder.cpp */; };
		12536C71090560EE00375D6A /* Recorder.h in CopyFiles */ = {isa = PBXBuildFile; fileRef = 12536C6D090560EE00375D6A /* Recorder.h */; };
		12536CB0090563D600375D6A /* NURBSPrimitive.cpp in Sources */ = {isa = PBXBuildFile; fileRef = 12536CAC090563D600375D6A /* NURBSPrimitive.cpp */; };
		12536CB1090563D600375D6A /* NURBSPrimitive.h in CopyFiles */ = {isa = PBXBuildFile; fileRef = 12536CAD090563D600375D6A /* NURBSPrimitive.h */; };
		12536CB2090563D600375D6A /* ParticlePrimitive.cpp in Sources */ = {isa = PBXBuildFile; fileRef = 12536CAE090563D600375D6A /* ParticlePrimitive.cpp */; };
		12536CB3090563D600375D6A /* ParticlePrimitive.h in CopyFiles */ = {isa = PBXBuildFile; fileRef = 12536CAF090563D600375D6A /* ParticlePrimitive.h */; };
		12536CB4090563D600375D6A /* NURBSPrimitive.cpp in Sources */ = {isa = PBXBuildFile; fileRef = 12536CAC090563D600375D6A /* NURBSPrimitive.cpp */; };
		12536CB5090563D600375D6A /* NURBSPrimitive.h in CopyFiles */ = {isa = PBXBuildFile; fileRef = 12536CAD090563D600375D6A /* NURBSPrimitive.h */; };
		12536CB6090563D600375D6A /* ParticlePrimitive.cpp in Sources */ = {isa = PBXBuildFile; fileRef = 12536CAE090563D600375D6A /* ParticlePrimitive.cpp */; };
		12536CB7090563D600375D6A /* ParticlePrimitive.h in CopyFiles */ = {isa = PBXBuildFile; fileRef = 12536CAF090563D600375D6A /* ParticlePrimitive.h */; };
		12EB50740924ADE5001849A3 /* JackClient.cpp in Sources */ = {isa = PBXBuildFile; fileRef = 12EB50720924ADE5001849A3 /* JackClient.cpp */; };
		12EB50750924ADE5001849A3 /* JackClient.h in CopyFiles */ = {isa = PBXBuildFile; fileRef = 12EB50730924ADE5001849A3 /* JackClient.h */; };
		12EB50760924ADE5001849A3 /* JackClient.cpp in Sources */ = {isa = PBXBuildFile; fileRef = 12EB50720924ADE5001849A3 /* JackClient.cpp */; };
		12EB50770924ADE5001849A3 /* JackClient.h in CopyFiles */ = {isa = PBXBuildFile; fileRef = 12EB50730924ADE5001849A3 /* JackClient.h */; };
		12EB50820924AE25001849A3 /* PData.cpp in Sources */ = {isa = PBXBuildFile; fileRef = 12EB507A0924AE25001849A3 /* PData.cpp */; };
		12EB50830924AE25001849A3 /* PData.h in CopyFiles */ = {isa = PBXBuildFile; fileRef = 12EB507B0924AE25001849A3 /* PData.h */; };
		12EB50840924AE25001849A3 /* PDataArithmetic.cpp in Sources */ = {isa = PBXBuildFile; fileRef = 12EB507C0924AE25001849A3 /* PDataArithmetic.cpp */; };
		12EB50850924AE25001849A3 /* PDataArithmetic.h in CopyFiles */ = {isa = PBXBuildFile; fileRef = 12EB507D0924AE25001849A3 /* PDataArithmetic.h */; };
		12EB50860924AE25001849A3 /* PDataContainer.cpp in Sources */ = {isa = PBXBuildFile; fileRef = 12EB507E0924AE25001849A3 /* PDataContainer.cpp */; };
		12EB50870924AE25001849A3 /* PDataContainer.h in CopyFiles */ = {isa = PBXBuildFile; fileRef = 12EB507F0924AE25001849A3 /* PDataContainer.h */; };
		12EB50880924AE25001849A3 /* PDataOperator.cpp in Sources */ = {isa = PBXBuildFile; fileRef = 12EB50800924AE25001849A3 /* PDataOperator.cpp */; };
		12EB50890924AE25001849A3 /* PDataOperator.h in CopyFiles */ = {isa = PBXBuildFile; fileRef = 12EB50810924AE25001849A3 /* PDataOperator.h */; };
		12EB508A0924AE25001849A3 /* PData.cpp in Sources */ = {isa = PBXBuildFile; fileRef = 12EB507A0924AE25001849A3 /* PData.cpp */; };
		12EB508B0924AE25001849A3 /* PData.h in CopyFiles */ = {isa = PBXBuildFile; fileRef = 12EB507B0924AE25001849A3 /* PData.h */; };
		12EB508C0924AE25001849A3 /* PDataArithmetic.cpp in Sources */ = {isa = PBXBuildFile; fileRef = 12EB507C0924AE25001849A3 /* PDataArithmetic.cpp */; };
		12EB508D0924AE25001849A3 /* PDataArithmetic.h in CopyFiles */ = {isa = PBXBuildFile; fileRef = 12EB507D0924AE25001849A3 /* PDataArithmetic.h */; };
		12EB508E0924AE25001849A3 /* PDataContainer.cpp in Sources */ = {isa = PBXBuildFile; fileRef = 12EB507E0924AE25001849A3 /* PDataContainer.cpp */; };
		12EB508F0924AE25001849A3 /* PDataContainer.h in CopyFiles */ = {isa = PBXBuildFile; fileRef = 12EB507F0924AE25001849A3 /* PDataContainer.h */; };
		12EB50900924AE25001849A3 /* PDataOperator.cpp in Sources */ = {isa = PBXBuildFile; fileRef = 12EB50800924AE25001849A3 /* PDataOperator.cpp */; };
		12EB50910924AE25001849A3 /* PDataOperator.h in CopyFiles */ = {isa = PBXBuildFile; fileRef = 12EB50810924AE25001849A3 /* PDataOperator.h */; };
		FD7A821F07CD1ED300DD512F /* AudioToolbox.framework in Frameworks */ = {isa = PBXBuildFile; fileRef = FD7A821C07CD1ED300DD512F /* AudioToolbox.framework */; };
		FD7A822107CD1ED300DD512F /* CoreAudio.framework in Frameworks */ = {isa = PBXBuildFile; fileRef = FD7A821E07CD1ED300DD512F /* CoreAudio.framework */; };
		FD7A832007CE5E0700DD512F /* CoreAudio.framework in Frameworks */ = {isa = PBXBuildFile; fileRef = FD7A821E07CD1ED300DD512F /* CoreAudio.framework */; };
		FD7A832107CE5E0900DD512F /* AudioToolbox.framework in Frameworks */ = {isa = PBXBuildFile; fileRef = FD7A821C07CD1ED300DD512F /* AudioToolbox.framework */; };
		FD7A838607CE617D00DD512F /* AudioToolbox.framework in Frameworks */ = {isa = PBXBuildFile; fileRef = FD7A821C07CD1ED300DD512F /* AudioToolbox.framework */; };
		FD7A838707CE617F00DD512F /* CoreAudio.framework in Frameworks */ = {isa = PBXBuildFile; fileRef = FD7A821E07CD1ED300DD512F /* CoreAudio.framework */; };
		FD7A83D307CE63CD00DD512F /* Physics.h in Resources */ = {isa = PBXBuildFile; fileRef = FDAA2E3007CBA4130005CE2E /* Physics.h */; };
		FD7A83D407CE63CD00DD512F /* CompiledPrimitive.h in Resources */ = {isa = PBXBuildFile; fileRef = FD0AF62A07CAA8B70042F2C0 /* CompiledPrimitive.h */; };
		FD7A83D507CE63CD00DD512F /* dada.h in Resources */ = {isa = PBXBuildFile; fileRef = FD0AF62C07CAA8B70042F2C0 /* dada.h */; };
		FD7A83D607CE63CD00DD512F /* GraphicsUtils.h in Resources */ = {isa = PBXBuildFile; fileRef = FD0AF62E07CAA8B70042F2C0 /* GraphicsUtils.h */; };
		FD7A83D707CE63CD00DD512F /* Lifeforms.h in Resources */ = {isa = PBXBuildFile; fileRef = FD0AF63107CAA8B70042F2C0 /* Lifeforms.h */; };
		FD7A83D807CE63CD00DD512F /* Light.h in Resources */ = {isa = PBXBuildFile; fileRef = FD0AF63407CAA8B70042F2C0 /* Light.h */; };
		FD7A83D907CE63CD00DD512F /* LinePrimitive.h in Resources */ = {isa = PBXBuildFile; fileRef = FD0AF63607CAA8B70042F2C0 /* LinePrimitive.h */; };
		FD7A83DA07CE63CD00DD512F /* PNGLoader.h in Resources */ = {isa = PBXBuildFile; fileRef = FD0AF63807CAA8B70042F2C0 /* PNGLoader.h */; };
		FD7A83DB07CE63CD00DD512F /* PolyPrimitive.h in Resources */ = {isa = PBXBuildFile; fileRef = FD0AF63A07CAA8B70042F2C0 /* PolyPrimitive.h */; };
		FD7A83DC07CE63CD00DD512F /* Primitive.h in Resources */ = {isa = PBXBuildFile; fileRef = FD0AF63C07CAA8B70042F2C0 /* Primitive.h */; };
		FD7A83DD07CE63CD00DD512F /* Renderer.h in Resources */ = {isa = PBXBuildFile; fileRef = FD0AF63E07CAA8B70042F2C0 /* Renderer.h */; };
		FD7A83DE07CE63CD00DD512F /* SceneGraph.h in Resources */ = {isa = PBXBuildFile; fileRef = FD0AF64007CAA8B70042F2C0 /* SceneGraph.h */; };
		FD7A83DF07CE63CD00DD512F /* State.h in Resources */ = {isa = PBXBuildFile; fileRef = FD0AF64207CAA8B70042F2C0 /* State.h */; };
		FD7A83E007CE63CD00DD512F /* TextPrimitive.h in Resources */ = {isa = PBXBuildFile; fileRef = FD0AF64407CAA8B70042F2C0 /* TextPrimitive.h */; };
		FD7A83E107CE63CD00DD512F /* TexturePainter.h in Resources */ = {isa = PBXBuildFile; fileRef = FD0AF64607CAA8B70042F2C0 /* TexturePainter.h */; };
		FD7A83E207CE63CD00DD512F /* Tree.h in Resources */ = {isa = PBXBuildFile; fileRef = FD0AF64807CAA8B70042F2C0 /* Tree.h */; };
		FD7A83E307CE63CD00DD512F /* VecFontPrimitive.h in Resources */ = {isa = PBXBuildFile; fileRef = FD0AF64907CAA8B70042F2C0 /* VecFontPrimitive.h */; };
		FD7A83E407CE63CD00DD512F /* AudioCollector.h in Resources */ = {isa = PBXBuildFile; fileRef = FD0AF61507CAA8900042F2C0 /* AudioCollector.h */; };
		FD7A83E507CE63CD00DD512F /* FluxusBinding.h in Resources */ = {isa = PBXBuildFile; fileRef = FD0AF61907CAA8900042F2C0 /* FluxusBinding.h */; };
		FD7A83E607CE63CD00DD512F /* FluxusMain.h in Resources */ = {isa = PBXBuildFile; fileRef = FD0AF61B07CAA8900042F2C0 /* FluxusMain.h */; };
		FD7A83E707CE63CD00DD512F /* GLEditor.h in Resources */ = {isa = PBXBuildFile; fileRef = FD0AF61D07CAA8900042F2C0 /* GLEditor.h */; };
		FD7A83E807CE63CD00DD512F /* OSCServer.h in Resources */ = {isa = PBXBuildFile; fileRef = FD0AF62207CAA8900042F2C0 /* OSCServer.h */; };
		FD7A83E907CE63CD00DD512F /* TurtleBuilder.h in Resources */ = {isa = PBXBuildFile; fileRef = FD0AF62607CAA8900042F2C0 /* TurtleBuilder.h */; };
		FD7A83EA07CE63CD00DD512F /* Utils.h in Resources */ = {isa = PBXBuildFile; fileRef = FD0AF62807CAA8900042F2C0 /* Utils.h */; };
		FD7A83F107CE63CD00DD512F /* AudioCollector.cpp in Sources */ = {isa = PBXBuildFile; fileRef = FD0AF61407CAA8900042F2C0 /* AudioCollector.cpp */; };
		FD7A83F207CE63CD00DD512F /* FluxusMain.cpp in Sources */ = {isa = PBXBuildFile; fileRef = FD0AF61A07CAA8900042F2C0 /* FluxusMain.cpp */; };
		FD7A83F307CE63CD00DD512F /* FluxusBinding.cpp in Sources */ = {isa = PBXBuildFile; fileRef = FD0AF61807CAA8900042F2C0 /* FluxusBinding.cpp */; };
		FD7A83F407CE63CD00DD512F /* TurtleBuilder.cpp in Sources */ = {isa = PBXBuildFile; fileRef = FD0AF62507CAA8900042F2C0 /* TurtleBuilder.cpp */; };
		FD7A83F507CE63CD00DD512F /* GLEditor.cpp in Sources */ = {isa = PBXBuildFile; fileRef = FD0AF61C07CAA8900042F2C0 /* GLEditor.cpp */; };
		FD7A83F707CE63CD00DD512F /* Utils.cpp in Sources */ = {isa = PBXBuildFile; fileRef = FD0AF62707CAA8900042F2C0 /* Utils.cpp */; };
		FD7A83F807CE63CD00DD512F /* OSCServer.cpp in Sources */ = {isa = PBXBuildFile; fileRef = FD0AF62107CAA8900042F2C0 /* OSCServer.cpp */; };
		FD7A83F907CE63CD00DD512F /* main.cpp in Sources */ = {isa = PBXBuildFile; fileRef = FD0AF62007CAA8900042F2C0 /* main.cpp */; };
		FD7A83FA07CE63CD00DD512F /* GraphicsUtils.cpp in Sources */ = {isa = PBXBuildFile; fileRef = FD0AF62D07CAA8B70042F2C0 /* GraphicsUtils.cpp */; };
		FD7A83FB07CE63CD00DD512F /* Lifeforms.cpp in Sources */ = {isa = PBXBuildFile; fileRef = FD0AF63007CAA8B70042F2C0 /* Lifeforms.cpp */; };
		FD7A83FC07CE63CD00DD512F /* CompiledPrimitive.cpp in Sources */ = {isa = PBXBuildFile; fileRef = FD0AF62907CAA8B70042F2C0 /* CompiledPrimitive.cpp */; };
		FD7A83FD07CE63CD00DD512F /* dada.cpp in Sources */ = {isa = PBXBuildFile; fileRef = FD0AF62B07CAA8B70042F2C0 /* dada.cpp */; };
		FD7A83FE07CE63CD00DD512F /* Light.cpp in Sources */ = {isa = PBXBuildFile; fileRef = FD0AF63307CAA8B70042F2C0 /* Light.cpp */; };
		FD7A83FF07CE63CD00DD512F /* LinePrimitive.cpp in Sources */ = {isa = PBXBuildFile; fileRef = FD0AF63507CAA8B70042F2C0 /* LinePrimitive.cpp */; };
		FD7A840007CE63CD00DD512F /* PNGLoader.cpp in Sources */ = {isa = PBXBuildFile; fileRef = FD0AF63707CAA8B70042F2C0 /* PNGLoader.cpp */; };
		FD7A840107CE63CD00DD512F /* PolyPrimitive.cpp in Sources */ = {isa = PBXBuildFile; fileRef = FD0AF63907CAA8B70042F2C0 /* PolyPrimitive.cpp */; };
		FD7A840207CE63CD00DD512F /* Primitive.cpp in Sources */ = {isa = PBXBuildFile; fileRef = FD0AF63B07CAA8B70042F2C0 /* Primitive.cpp */; };
		FD7A840307CE63CD00DD512F /* Renderer.cpp in Sources */ = {isa = PBXBuildFile; fileRef = FD0AF63D07CAA8B70042F2C0 /* Renderer.cpp */; };
		FD7A840407CE63CD00DD512F /* SceneGraph.cpp in Sources */ = {isa = PBXBuildFile; fileRef = FD0AF63F07CAA8B70042F2C0 /* SceneGraph.cpp */; };
		FD7A840507CE63CD00DD512F /* State.cpp in Sources */ = {isa = PBXBuildFile; fileRef = FD0AF64107CAA8B70042F2C0 /* State.cpp */; };
		FD7A840607CE63CD00DD512F /* TextPrimitive.cpp in Sources */ = {isa = PBXBuildFile; fileRef = FD0AF64307CAA8B70042F2C0 /* TextPrimitive.cpp */; };
		FD7A840707CE63CD00DD512F /* TexturePainter.cpp in Sources */ = {isa = PBXBuildFile; fileRef = FD0AF64507CAA8B70042F2C0 /* TexturePainter.cpp */; };
		FD7A840807CE63CD00DD512F /* Tree.cpp in Sources */ = {isa = PBXBuildFile; fileRef = FD0AF64707CAA8B70042F2C0 /* Tree.cpp */; };
		FD7A840907CE63CD00DD512F /* Physics.cpp in Sources */ = {isa = PBXBuildFile; fileRef = FDAA2E2F07CBA4130005CE2E /* Physics.cpp */; };
		FD7A841007CE63CD00DD512F /* GLUT.framework in Frameworks */ = {isa = PBXBuildFile; fileRef = FDAA2EFC07CBD54E0005CE2E /* GLUT.framework */; };
		FD7A841107CE63CD00DD512F /* OpenGL.framework in Frameworks */ = {isa = PBXBuildFile; fileRef = FDAA2EFE07CBD57F0005CE2E /* OpenGL.framework */; };
		FD7A841207CE63CD00DD512F /* AudioToolbox.framework in Frameworks */ = {isa = PBXBuildFile; fileRef = FD7A821C07CD1ED300DD512F /* AudioToolbox.framework */; };
		FD7A841307CE63CD00DD512F /* CoreAudio.framework in Frameworks */ = {isa = PBXBuildFile; fileRef = FD7A821E07CD1ED300DD512F /* CoreAudio.framework */; };
		FD7A841407CE63CD00DD512F /* libode.a in Frameworks */ = {isa = PBXBuildFile; fileRef = FD7A823207CD205A00DD512F /* libode.a */; };
		FDAA2E7A07CBC1540005CE2E /* Physics.h in Resources */ = {isa = PBXBuildFile; fileRef = FDAA2E3007CBA4130005CE2E /* Physics.h */; };
		FDAA2E7B07CBC1550005CE2E /* Physics.cpp in Sources */ = {isa = PBXBuildFile; fileRef = FDAA2E2F07CBA4130005CE2E /* Physics.cpp */; };
		FDAA2E8307CBC1790005CE2E /* CompiledPrimitive.h in Resources */ = {isa = PBXBuildFile; fileRef = FD0AF62A07CAA8B70042F2C0 /* CompiledPrimitive.h */; };
		FDAA2E8407CBC17A0005CE2E /* CompiledPrimitive.cpp in Sources */ = {isa = PBXBuildFile; fileRef = FD0AF62907CAA8B70042F2C0 /* CompiledPrimitive.cpp */; };
		FDAA2E8507CBC17E0005CE2E /* dada.h in Resources */ = {isa = PBXBuildFile; fileRef = FD0AF62C07CAA8B70042F2C0 /* dada.h */; };
		FDAA2E8607CBC17F0005CE2E /* dada.cpp in Sources */ = {isa = PBXBuildFile; fileRef = FD0AF62B07CAA8B70042F2C0 /* dada.cpp */; };
		FDAA2E8707CBC1840005CE2E /* GraphicsUtils.h in Resources */ = {isa = PBXBuildFile; fileRef = FD0AF62E07CAA8B70042F2C0 /* GraphicsUtils.h */; };
		FDAA2E8807CBC1850005CE2E /* GraphicsUtils.cpp in Sources */ = {isa = PBXBuildFile; fileRef = FD0AF62D07CAA8B70042F2C0 /* GraphicsUtils.cpp */; };
		FDAA2E8907CBC18B0005CE2E /* Lifeforms.h in Resources */ = {isa = PBXBuildFile; fileRef = FD0AF63107CAA8B70042F2C0 /* Lifeforms.h */; };
		FDAA2E8A07CBC18C0005CE2E /* Lifeforms.cpp in Sources */ = {isa = PBXBuildFile; fileRef = FD0AF63007CAA8B70042F2C0 /* Lifeforms.cpp */; };
		FDAA2E8B07CBC1930005CE2E /* Light.h in Resources */ = {isa = PBXBuildFile; fileRef = FD0AF63407CAA8B70042F2C0 /* Light.h */; };
		FDAA2E8C07CBC1940005CE2E /* Light.cpp in Sources */ = {isa = PBXBuildFile; fileRef = FD0AF63307CAA8B70042F2C0 /* Light.cpp */; };
		FDAA2E8D07CBC1980005CE2E /* LinePrimitive.h in Resources */ = {isa = PBXBuildFile; fileRef = FD0AF63607CAA8B70042F2C0 /* LinePrimitive.h */; };
		FDAA2E8E07CBC1990005CE2E /* LinePrimitive.cpp in Sources */ = {isa = PBXBuildFile; fileRef = FD0AF63507CAA8B70042F2C0 /* LinePrimitive.cpp */; };
		FDAA2E8F07CBC19E0005CE2E /* PNGLoader.h in Resources */ = {isa = PBXBuildFile; fileRef = FD0AF63807CAA8B70042F2C0 /* PNGLoader.h */; };
		FDAA2E9007CBC2060005CE2E /* PNGLoader.cpp in Sources */ = {isa = PBXBuildFile; fileRef = FD0AF63707CAA8B70042F2C0 /* PNGLoader.cpp */; };
		FDAA2E9107CBC20B0005CE2E /* PolyPrimitive.h in Resources */ = {isa = PBXBuildFile; fileRef = FD0AF63A07CAA8B70042F2C0 /* PolyPrimitive.h */; };
		FDAA2E9207CBC20C0005CE2E /* PolyPrimitive.cpp in Sources */ = {isa = PBXBuildFile; fileRef = FD0AF63907CAA8B70042F2C0 /* PolyPrimitive.cpp */; };
		FDAA2E9507CBC2330005CE2E /* Primitive.h in Resources */ = {isa = PBXBuildFile; fileRef = FD0AF63C07CAA8B70042F2C0 /* Primitive.h */; };
		FDAA2E9607CBC2330005CE2E /* Primitive.cpp in Sources */ = {isa = PBXBuildFile; fileRef = FD0AF63B07CAA8B70042F2C0 /* Primitive.cpp */; };
		FDAA2E9707CBC2380005CE2E /* Renderer.h in Resources */ = {isa = PBXBuildFile; fileRef = FD0AF63E07CAA8B70042F2C0 /* Renderer.h */; };
		FDAA2E9807CBC2390005CE2E /* Renderer.cpp in Sources */ = {isa = PBXBuildFile; fileRef = FD0AF63D07CAA8B70042F2C0 /* Renderer.cpp */; };
		FDAA2E9907CBC23D0005CE2E /* SceneGraph.h in Resources */ = {isa = PBXBuildFile; fileRef = FD0AF64007CAA8B70042F2C0 /* SceneGraph.h */; };
		FDAA2E9A07CBC23E0005CE2E /* SceneGraph.cpp in Sources */ = {isa = PBXBuildFile; fileRef = FD0AF63F07CAA8B70042F2C0 /* SceneGraph.cpp */; };
		FDAA2E9B07CBC2410005CE2E /* State.h in Resources */ = {isa = PBXBuildFile; fileRef = FD0AF64207CAA8B70042F2C0 /* State.h */; };
		FDAA2E9C07CBC2420005CE2E /* State.cpp in Sources */ = {isa = PBXBuildFile; fileRef = FD0AF64107CAA8B70042F2C0 /* State.cpp */; };
		FDAA2E9D07CBC2450005CE2E /* TextPrimitive.h in Resources */ = {isa = PBXBuildFile; fileRef = FD0AF64407CAA8B70042F2C0 /* TextPrimitive.h */; };
		FDAA2E9E07CBC2460005CE2E /* TextPrimitive.cpp in Sources */ = {isa = PBXBuildFile; fileRef = FD0AF64307CAA8B70042F2C0 /* TextPrimitive.cpp */; };
		FDAA2E9F07CBC24A0005CE2E /* TexturePainter.h in Resources */ = {isa = PBXBuildFile; fileRef = FD0AF64607CAA8B70042F2C0 /* TexturePainter.h */; };
		FDAA2EA007CBC24B0005CE2E /* TexturePainter.cpp in Sources */ = {isa = PBXBuildFile; fileRef = FD0AF64507CAA8B70042F2C0 /* TexturePainter.cpp */; };
		FDAA2EA107CBC24F0005CE2E /* Tree.h in Resources */ = {isa = PBXBuildFile; fileRef = FD0AF64807CAA8B70042F2C0 /* Tree.h */; };
		FDAA2EA207CBC2500005CE2E /* Tree.cpp in Sources */ = {isa = PBXBuildFile; fileRef = FD0AF64707CAA8B70042F2C0 /* Tree.cpp */; };
		FDAA2EA307CBC2560005CE2E /* VecFontPrimitive.h in Resources */ = {isa = PBXBuildFile; fileRef = FD0AF64907CAA8B70042F2C0 /* VecFontPrimitive.h */; };
		FDAA2EA607CBC2B30005CE2E /* AudioCollector.cpp in Sources */ = {isa = PBXBuildFile; fileRef = FD0AF61407CAA8900042F2C0 /* AudioCollector.cpp */; };
		FDAA2EA707CBC2B40005CE2E /* AudioCollector.h in Resources */ = {isa = PBXBuildFile; fileRef = FD0AF61507CAA8900042F2C0 /* AudioCollector.h */; };
		FDAA2EA807CBC2C00005CE2E /* FluxusBinding.cpp in Sources */ = {isa = PBXBuildFile; fileRef = FD0AF61807CAA8900042F2C0 /* FluxusBinding.cpp */; };
		FDAA2EA907CBC2C10005CE2E /* FluxusBinding.h in Resources */ = {isa = PBXBuildFile; fileRef = FD0AF61907CAA8900042F2C0 /* FluxusBinding.h */; };
		FDAA2EAA07CBC2C20005CE2E /* FluxusMain.cpp in Sources */ = {isa = PBXBuildFile; fileRef = FD0AF61A07CAA8900042F2C0 /* FluxusMain.cpp */; };
		FDAA2EAB07CBC2C30005CE2E /* FluxusMain.h in Resources */ = {isa = PBXBuildFile; fileRef = FD0AF61B07CAA8900042F2C0 /* FluxusMain.h */; };
		FDAA2EAC07CBC2C40005CE2E /* GLEditor.cpp in Sources */ = {isa = PBXBuildFile; fileRef = FD0AF61C07CAA8900042F2C0 /* GLEditor.cpp */; };
		FDAA2EAD07CBC2C50005CE2E /* GLEditor.h in Resources */ = {isa = PBXBuildFile; fileRef = FD0AF61D07CAA8900042F2C0 /* GLEditor.h */; };
		FDAA2EAE07CBC2E00005CE2E /* main.cpp in Sources */ = {isa = PBXBuildFile; fileRef = FD0AF62007CAA8900042F2C0 /* main.cpp */; };
		FDAA2EAF07CBC2E30005CE2E /* OSCServer.cpp in Sources */ = {isa = PBXBuildFile; fileRef = FD0AF62107CAA8900042F2C0 /* OSCServer.cpp */; };
		FDAA2EB007CBC2E40005CE2E /* OSCServer.h in Resources */ = {isa = PBXBuildFile; fileRef = FD0AF62207CAA8900042F2C0 /* OSCServer.h */; };
		FDAA2EB107CBC31A0005CE2E /* TurtleBuilder.cpp in Sources */ = {isa = PBXBuildFile; fileRef = FD0AF62507CAA8900042F2C0 /* TurtleBuilder.cpp */; };
		FDAA2EB207CBC31B0005CE2E /* TurtleBuilder.h in Resources */ = {isa = PBXBuildFile; fileRef = FD0AF62607CAA8900042F2C0 /* TurtleBuilder.h */; };
		FDAA2EB307CBC31E0005CE2E /* Utils.cpp in Sources */ = {isa = PBXBuildFile; fileRef = FD0AF62707CAA8900042F2C0 /* Utils.cpp */; };
		FDAA2EB407CBC31E0005CE2E /* Utils.h in Resources */ = {isa = PBXBuildFile; fileRef = FD0AF62807CAA8900042F2C0 /* Utils.h */; };
		FDAA2EFD07CBD54E0005CE2E /* GLUT.framework in Frameworks */ = {isa = PBXBuildFile; fileRef = FDAA2EFC07CBD54E0005CE2E /* GLUT.framework */; };
		FDAA2EFF07CBD57F0005CE2E /* OpenGL.framework in Frameworks */ = {isa = PBXBuildFile; fileRef = FDAA2EFE07CBD57F0005CE2E /* OpenGL.framework */; };
/* End PBXBuildFile section */

/* Begin PBXBuildStyle section */
		FD0AF5FD07CAA7F60042F2C0 /* Development */ = {
			isa = PBXBuildStyle;
			buildSettings = {
				COPY_PHASE_STRIP = NO;
			};
			name = Development;
		};
		FD0AF5FE07CAA7F60042F2C0 /* Deployment */ = {
			isa = PBXBuildStyle;
			buildSettings = {
				COPY_PHASE_STRIP = YES;
			};
			name = Deployment;
		};
/* End PBXBuildStyle section */

/* Begin PBXCopyFilesBuildPhase section */
		FD7A828207CD8C2D00DD512F /* CopyFiles */ = {
			isa = PBXCopyFilesBuildPhase;
			buildActionMask = 2147483647;
			dstPath = "";
			dstSubfolderSpec = 7;
			files = (
				12536C6F090560EE00375D6A /* Recorder.h in CopyFiles */,
				12536CB1090563D600375D6A /* NURBSPrimitive.h in CopyFiles */,
				12536CB3090563D600375D6A /* ParticlePrimitive.h in CopyFiles */,
				12EB50750924ADE5001849A3 /* JackClient.h in CopyFiles */,
				12EB50830924AE25001849A3 /* PData.h in CopyFiles */,
				12EB50850924AE25001849A3 /* PDataArithmetic.h in CopyFiles */,
				12EB50870924AE25001849A3 /* PDataContainer.h in CopyFiles */,
				12EB50890924AE25001849A3 /* PDataOperator.h in CopyFiles */,
			);
			runOnlyForDeploymentPostprocessing = 0;
		};
		FD7A841507CE63CD00DD512F /* CopyFiles */ = {
			isa = PBXCopyFilesBuildPhase;
			buildActionMask = 2147483647;
			dstPath = "";
			dstSubfolderSpec = 7;
			files = (
				12536C71090560EE00375D6A /* Recorder.h in CopyFiles */,
				12536CB5090563D600375D6A /* NURBSPrimitive.h in CopyFiles */,
				12536CB7090563D600375D6A /* ParticlePrimitive.h in CopyFiles */,
				12EB50770924ADE5001849A3 /* JackClient.h in CopyFiles */,
				12EB508B0924AE25001849A3 /* PData.h in CopyFiles */,
				12EB508D0924AE25001849A3 /* PDataArithmetic.h in CopyFiles */,
				12EB508F0924AE25001849A3 /* PDataContainer.h in CopyFiles */,
				12EB50910924AE25001849A3 /* PDataOperator.h in CopyFiles */,
			);
			runOnlyForDeploymentPostprocessing = 0;
		};
/* End PBXCopyFilesBuildPhase section */

/* Begin PBXFileReference section */
		12129D9B0923C1CD00216E1B /* libjack.0.dylib */ = {isa = PBXFileReference; lastKnownFileType = "compiled.mach-o.dylib"; name = libjack.0.dylib; path = /usr/local/lib/libjack.0.dylib; sourceTree = "<absolute>"; };
		12184222090673A500E90F1F /* libguile-ltdl.1.dylib */ = {isa = PBXFileReference; lastKnownFileType = "compiled.mach-o.dylib"; name = "libguile-ltdl.1.dylib"; path = "build/Frameworks/libguile-ltdl.1.dylib"; sourceTree = "<group>"; };
		12184223090673A500E90F1F /* libguile-ltdl.dylib */ = {isa = PBXFileReference; lastKnownFileType = "compiled.mach-o.dylib"; name = "libguile-ltdl.dylib"; path = "build/Frameworks/libguile-ltdl.dylib"; sourceTree = "<group>"; };
		12184224090673A500E90F1F /* libguile-srfi-srfi-4-v-1.dylib */ = {isa = PBXFileReference; lastKnownFileType = "compiled.mach-o.dylib"; name = "libguile-srfi-srfi-4-v-1.dylib"; path = "build/Frameworks/libguile-srfi-srfi-4-v-1.dylib"; sourceTree = "<group>"; };
		12184225090673A500E90F1F /* libguile-srfi-srfi-13-14-v-1.dylib */ = {isa = PBXFileReference; lastKnownFileType = "compiled.mach-o.dylib"; name = "libguile-srfi-srfi-13-14-v-1.dylib"; path = "build/Frameworks/libguile-srfi-srfi-13-14-v-1.dylib"; sourceTree = "<group>"; };
		12184226090673A500E90F1F /* libguile.12.dylib */ = {isa = PBXFileReference; lastKnownFileType = "compiled.mach-o.dylib"; name = libguile.12.dylib; path = build/Frameworks/libguile.12.dylib; sourceTree = "<group>"; };
		12184227090673A500E90F1F /* libjpeg.62.dylib */ = {isa = PBXFileReference; lastKnownFileType = "compiled.mach-o.dylib"; name = libjpeg.62.dylib; path = build/Frameworks/libjpeg.62.dylib; sourceTree = "<group>"; };
		12184228090673A500E90F1F /* liblo.0.dylib */ = {isa = PBXFileReference; lastKnownFileType = "compiled.mach-o.dylib"; name = liblo.0.dylib; path = build/Frameworks/liblo.0.dylib; sourceTree = "<group>"; };
		12184229090673A500E90F1F /* libpng.3.dylib */ = {isa = PBXFileReference; lastKnownFileType = "compiled.mach-o.dylib"; name = libpng.3.dylib; path = build/Frameworks/libpng.3.dylib; sourceTree = "<group>"; };
		1218422A090673A500E90F1F /* libsndfile.1.dylib */ = {isa = PBXFileReference; lastKnownFileType = "compiled.mach-o.dylib"; name = libsndfile.1.dylib; path = build/Frameworks/libsndfile.1.dylib; sourceTree = "<group>"; };
		1218422B090673A500E90F1F /* libtiff.3.dylib */ = {isa = PBXFileReference; lastKnownFileType = "compiled.mach-o.dylib"; name = libtiff.3.dylib; path = build/Frameworks/libtiff.3.dylib; sourceTree = "<group>"; };
		1218422C090673A500E90F1F /* libz.1.dylib */ = {isa = PBXFileReference; lastKnownFileType = "compiled.mach-o.dylib"; name = libz.1.dylib; path = build/Frameworks/libz.1.dylib; sourceTree = "<group>"; };
		12536C6C090560EE00375D6A /* Recorder.cpp */ = {isa = PBXFileReference; fileEncoding = 4; lastKnownFileType = sourcecode.cpp.cpp; name = Recorder.cpp; path = src/Recorder.cpp; sourceTree = "<group>"; };
		12536C6D090560EE00375D6A /* Recorder.h */ = {isa = PBXFileReference; fileEncoding = 4; lastKnownFileType = sourcecode.c.h; name = Recorder.h; path = src/Recorder.h; sourceTree = "<group>"; };
		12536CAC090563D600375D6A /* NURBSPrimitive.cpp */ = {isa = PBXFileReference; fileEncoding = 4; lastKnownFileType = sourcecode.cpp.cpp; name = NURBSPrimitive.cpp; path = libfluxus/src/NURBSPrimitive.cpp; sourceTree = "<group>"; };
		12536CAD090563D600375D6A /* NURBSPrimitive.h */ = {isa = PBXFileReference; fileEncoding = 4; lastKnownFileType = sourcecode.c.h; name = NURBSPrimitive.h; path = libfluxus/src/NURBSPrimitive.h; sourceTree = "<group>"; };
		12536CAE090563D600375D6A /* ParticlePrimitive.cpp */ = {isa = PBXFileReference; fileEncoding = 4; lastKnownFileType = sourcecode.cpp.cpp; name = ParticlePrimitive.cpp; path = libfluxus/src/ParticlePrimitive.cpp; sourceTree = "<group>"; };
		12536CAF090563D600375D6A /* ParticlePrimitive.h */ = {isa = PBXFileReference; fileEncoding = 4; lastKnownFileType = sourcecode.c.h; name = ParticlePrimitive.h; path = libfluxus/src/ParticlePrimitive.h; sourceTree = "<group>"; };
		12EB50720924ADE5001849A3 /* JackClient.cpp */ = {isa = PBXFileReference; fileEncoding = 4; lastKnownFileType = sourcecode.cpp.cpp; name = JackClient.cpp; path = src/JackClient.cpp; sourceTree = "<group>"; };
		12EB50730924ADE5001849A3 /* JackClient.h */ = {isa = PBXFileReference; fileEncoding = 4; lastKnownFileType = sourcecode.c.h; name = JackClient.h; path = src/JackClient.h; sourceTree = "<group>"; };
		12EB507A0924AE25001849A3 /* PData.cpp */ = {isa = PBXFileReference; fileEncoding = 4; lastKnownFileType = sourcecode.cpp.cpp; name = PData.cpp; path = libfluxus/src/PData.cpp; sourceTree = "<group>"; };
		12EB507B0924AE25001849A3 /* PData.h */ = {isa = PBXFileReference; fileEncoding = 4; lastKnownFileType = sourcecode.c.h; name = PData.h; path = libfluxus/src/PData.h; sourceTree = "<group>"; };
		12EB507C0924AE25001849A3 /* PDataArithmetic.cpp */ = {isa = PBXFileReference; fileEncoding = 4; lastKnownFileType = sourcecode.cpp.cpp; name = PDataArithmetic.cpp; path = libfluxus/src/PDataArithmetic.cpp; sourceTree = "<group>"; };
		12EB507D0924AE25001849A3 /* PDataArithmetic.h */ = {isa = PBXFileReference; fileEncoding = 4; lastKnownFileType = sourcecode.c.h; name = PDataArithmetic.h; path = libfluxus/src/PDataArithmetic.h; sourceTree = "<group>"; };
		12EB507E0924AE25001849A3 /* PDataContainer.cpp */ = {isa = PBXFileReference; fileEncoding = 4; lastKnownFileType = sourcecode.cpp.cpp; name = PDataContainer.cpp; path = libfluxus/src/PDataContainer.cpp; sourceTree = "<group>"; };
		12EB507F0924AE25001849A3 /* PDataContainer.h */ = {isa = PBXFileReference; fileEncoding = 4; lastKnownFileType = sourcecode.c.h; name = PDataContainer.h; path = libfluxus/src/PDataContainer.h; sourceTree = "<group>"; };
		12EB50800924AE25001849A3 /* PDataOperator.cpp */ = {isa = PBXFileReference; fileEncoding = 4; lastKnownFileType = sourcecode.cpp.cpp; name = PDataOperator.cpp; path = libfluxus/src/PDataOperator.cpp; sourceTree = "<group>"; };
		12EB50810924AE25001849A3 /* PDataOperator.h */ = {isa = PBXFileReference; fileEncoding = 4; lastKnownFileType = sourcecode.c.h; name = PDataOperator.h; path = libfluxus/src/PDataOperator.h; sourceTree = "<group>"; };
		FD0AF61407CAA8900042F2C0 /* AudioCollector.cpp */ = {isa = PBXFileReference; fileEncoding = 30; lastKnownFileType = sourcecode.cpp.cpp; name = AudioCollector.cpp; path = src/AudioCollector.cpp; sourceTree = SOURCE_ROOT; };
		FD0AF61507CAA8900042F2C0 /* AudioCollector.h */ = {isa = PBXFileReference; fileEncoding = 30; lastKnownFileType = sourcecode.c.h; name = AudioCollector.h; path = src/AudioCollector.h; sourceTree = SOURCE_ROOT; };
		FD0AF61607CAA8900042F2C0 /* Fl_Code_Editor.cpp */ = {isa = PBXFileReference; fileEncoding = 30; lastKnownFileType = sourcecode.cpp.cpp; name = Fl_Code_Editor.cpp; path = src/Fl_Code_Editor.cpp; sourceTree = SOURCE_ROOT; };
		FD0AF61707CAA8900042F2C0 /* Fl_Code_Editor.h */ = {isa = PBXFileReference; fileEncoding = 30; lastKnownFileType = sourcecode.c.h; name = Fl_Code_Editor.h; path = src/Fl_Code_Editor.h; sourceTree = SOURCE_ROOT; };
		FD0AF61807CAA8900042F2C0 /* FluxusBinding.cpp */ = {isa = PBXFileReference; fileEncoding = 30; lastKnownFileType = sourcecode.cpp.cpp; name = FluxusBinding.cpp; path = src/FluxusBinding.cpp; sourceTree = SOURCE_ROOT; };
		FD0AF61907CAA8900042F2C0 /* FluxusBinding.h */ = {isa = PBXFileReference; fileEncoding = 30; lastKnownFileType = sourcecode.c.h; name = FluxusBinding.h; path = src/FluxusBinding.h; sourceTree = SOURCE_ROOT; };
		FD0AF61A07CAA8900042F2C0 /* FluxusMain.cpp */ = {isa = PBXFileReference; fileEncoding = 30; lastKnownFileType = sourcecode.cpp.cpp; name = FluxusMain.cpp; path = src/FluxusMain.cpp; sourceTree = SOURCE_ROOT; };
		FD0AF61B07CAA8900042F2C0 /* FluxusMain.h */ = {isa = PBXFileReference; fileEncoding = 30; lastKnownFileType = sourcecode.c.h; name = FluxusMain.h; path = src/FluxusMain.h; sourceTree = SOURCE_ROOT; };
		FD0AF61C07CAA8900042F2C0 /* GLEditor.cpp */ = {isa = PBXFileReference; fileEncoding = 30; lastKnownFileType = sourcecode.cpp.cpp; name = GLEditor.cpp; path = src/GLEditor.cpp; sourceTree = SOURCE_ROOT; };
		FD0AF61D07CAA8900042F2C0 /* GLEditor.h */ = {isa = PBXFileReference; fileEncoding = 30; lastKnownFileType = sourcecode.c.h; name = GLEditor.h; path = src/GLEditor.h; sourceTree = SOURCE_ROOT; };
		FD0AF61E07CAA8900042F2C0 /* GUI.cpp */ = {isa = PBXFileReference; fileEncoding = 30; lastKnownFileType = sourcecode.cpp.cpp; name = GUI.cpp; path = src/GUI.cpp; sourceTree = SOURCE_ROOT; };
		FD0AF61F07CAA8900042F2C0 /* GUI.h */ = {isa = PBXFileReference; fileEncoding = 30; lastKnownFileType = sourcecode.c.h; name = GUI.h; path = src/GUI.h; sourceTree = SOURCE_ROOT; };
		FD0AF62007CAA8900042F2C0 /* main.cpp */ = {isa = PBXFileReference; fileEncoding = 30; lastKnownFileType = sourcecode.cpp.cpp; name = main.cpp; path = src/main.cpp; sourceTree = SOURCE_ROOT; };
		FD0AF62107CAA8900042F2C0 /* OSCServer.cpp */ = {isa = PBXFileReference; fileEncoding = 30; lastKnownFileType = sourcecode.cpp.cpp; name = OSCServer.cpp; path = src/OSCServer.cpp; sourceTree = SOURCE_ROOT; };
		FD0AF62207CAA8900042F2C0 /* OSCServer.h */ = {isa = PBXFileReference; fileEncoding = 30; lastKnownFileType = sourcecode.c.h; name = OSCServer.h; path = src/OSCServer.h; sourceTree = SOURCE_ROOT; };
		FD0AF62507CAA8900042F2C0 /* TurtleBuilder.cpp */ = {isa = PBXFileReference; fileEncoding = 30; lastKnownFileType = sourcecode.cpp.cpp; name = TurtleBuilder.cpp; path = src/TurtleBuilder.cpp; sourceTree = SOURCE_ROOT; };
		FD0AF62607CAA8900042F2C0 /* TurtleBuilder.h */ = {isa = PBXFileReference; fileEncoding = 30; lastKnownFileType = sourcecode.c.h; name = TurtleBuilder.h; path = src/TurtleBuilder.h; sourceTree = SOURCE_ROOT; };
		FD0AF62707CAA8900042F2C0 /* Utils.cpp */ = {isa = PBXFileReference; fileEncoding = 30; lastKnownFileType = sourcecode.cpp.cpp; name = Utils.cpp; path = src/Utils.cpp; sourceTree = SOURCE_ROOT; };
		FD0AF62807CAA8900042F2C0 /* Utils.h */ = {isa = PBXFileReference; fileEncoding = 30; lastKnownFileType = sourcecode.c.h; name = Utils.h; path = src/Utils.h; sourceTree = SOURCE_ROOT; };
		FD0AF62907CAA8B70042F2C0 /* CompiledPrimitive.cpp */ = {isa = PBXFileReference; fileEncoding = 30; lastKnownFileType = sourcecode.cpp.cpp; name = CompiledPrimitive.cpp; path = libfluxus/src/CompiledPrimitive.cpp; sourceTree = SOURCE_ROOT; };
		FD0AF62A07CAA8B70042F2C0 /* CompiledPrimitive.h */ = {isa = PBXFileReference; fileEncoding = 30; lastKnownFileType = sourcecode.c.h; name = CompiledPrimitive.h; path = libfluxus/src/CompiledPrimitive.h; sourceTree = SOURCE_ROOT; };
		FD0AF62B07CAA8B70042F2C0 /* dada.cpp */ = {isa = PBXFileReference; fileEncoding = 30; lastKnownFileType = sourcecode.cpp.cpp; name = dada.cpp; path = libfluxus/src/dada.cpp; sourceTree = SOURCE_ROOT; };
		FD0AF62C07CAA8B70042F2C0 /* dada.h */ = {isa = PBXFileReference; fileEncoding = 30; lastKnownFileType = sourcecode.c.h; name = dada.h; path = libfluxus/src/dada.h; sourceTree = SOURCE_ROOT; };
		FD0AF62D07CAA8B70042F2C0 /* GraphicsUtils.cpp */ = {isa = PBXFileReference; fileEncoding = 30; lastKnownFileType = sourcecode.cpp.cpp; name = GraphicsUtils.cpp; path = libfluxus/src/GraphicsUtils.cpp; sourceTree = SOURCE_ROOT; };
		FD0AF62E07CAA8B70042F2C0 /* GraphicsUtils.h */ = {isa = PBXFileReference; fileEncoding = 30; lastKnownFileType = sourcecode.c.h; name = GraphicsUtils.h; path = libfluxus/src/GraphicsUtils.h; sourceTree = SOURCE_ROOT; };
		FD0AF62F07CAA8B70042F2C0 /* GraphicsUtils.os */ = {isa = PBXFileReference; lastKnownFileType = "compiled.mach-o.objfile"; name = GraphicsUtils.os; path = libfluxus/src/GraphicsUtils.os; sourceTree = SOURCE_ROOT; };
		FD0AF63007CAA8B70042F2C0 /* Lifeforms.cpp */ = {isa = PBXFileReference; fileEncoding = 30; lastKnownFileType = sourcecode.cpp.cpp; name = Lifeforms.cpp; path = libfluxus/src/Lifeforms.cpp; sourceTree = SOURCE_ROOT; };
		FD0AF63107CAA8B70042F2C0 /* Lifeforms.h */ = {isa = PBXFileReference; fileEncoding = 30; lastKnownFileType = sourcecode.c.h; name = Lifeforms.h; path = libfluxus/src/Lifeforms.h; sourceTree = SOURCE_ROOT; };
		FD0AF63207CAA8B70042F2C0 /* Lifeforms.os */ = {isa = PBXFileReference; lastKnownFileType = "compiled.mach-o.objfile"; name = Lifeforms.os; path = libfluxus/src/Lifeforms.os; sourceTree = SOURCE_ROOT; };
		FD0AF63307CAA8B70042F2C0 /* Light.cpp */ = {isa = PBXFileReference; fileEncoding = 30; lastKnownFileType = sourcecode.cpp.cpp; name = Light.cpp; path = libfluxus/src/Light.cpp; sourceTree = SOURCE_ROOT; };
		FD0AF63407CAA8B70042F2C0 /* Light.h */ = {isa = PBXFileReference; fileEncoding = 30; lastKnownFileType = sourcecode.c.h; name = Light.h; path = libfluxus/src/Light.h; sourceTree = SOURCE_ROOT; };
		FD0AF63507CAA8B70042F2C0 /* LinePrimitive.cpp */ = {isa = PBXFileReference; fileEncoding = 30; lastKnownFileType = sourcecode.cpp.cpp; name = LinePrimitive.cpp; path = libfluxus/src/LinePrimitive.cpp; sourceTree = SOURCE_ROOT; };
		FD0AF63607CAA8B70042F2C0 /* LinePrimitive.h */ = {isa = PBXFileReference; fileEncoding = 30; lastKnownFileType = sourcecode.c.h; name = LinePrimitive.h; path = libfluxus/src/LinePrimitive.h; sourceTree = SOURCE_ROOT; };
		FD0AF63707CAA8B70042F2C0 /* PNGLoader.cpp */ = {isa = PBXFileReference; fileEncoding = 30; lastKnownFileType = sourcecode.cpp.cpp; name = PNGLoader.cpp; path = libfluxus/src/PNGLoader.cpp; sourceTree = SOURCE_ROOT; };
		FD0AF63807CAA8B70042F2C0 /* PNGLoader.h */ = {isa = PBXFileReference; fileEncoding = 30; lastKnownFileType = sourcecode.c.h; name = PNGLoader.h; path = libfluxus/src/PNGLoader.h; sourceTree = SOURCE_ROOT; };
		FD0AF63907CAA8B70042F2C0 /* PolyPrimitive.cpp */ = {isa = PBXFileReference; fileEncoding = 30; lastKnownFileType = sourcecode.cpp.cpp; name = PolyPrimitive.cpp; path = libfluxus/src/PolyPrimitive.cpp; sourceTree = SOURCE_ROOT; };
		FD0AF63A07CAA8B70042F2C0 /* PolyPrimitive.h */ = {isa = PBXFileReference; fileEncoding = 30; lastKnownFileType = sourcecode.c.h; name = PolyPrimitive.h; path = libfluxus/src/PolyPrimitive.h; sourceTree = SOURCE_ROOT; };
		FD0AF63B07CAA8B70042F2C0 /* Primitive.cpp */ = {isa = PBXFileReference; fileEncoding = 30; lastKnownFileType = sourcecode.cpp.cpp; name = Primitive.cpp; path = libfluxus/src/Primitive.cpp; sourceTree = SOURCE_ROOT; };
		FD0AF63C07CAA8B70042F2C0 /* Primitive.h */ = {isa = PBXFileReference; fileEncoding = 30; lastKnownFileType = sourcecode.c.h; name = Primitive.h; path = libfluxus/src/Primitive.h; sourceTree = SOURCE_ROOT; };
		FD0AF63D07CAA8B70042F2C0 /* Renderer.cpp */ = {isa = PBXFileReference; fileEncoding = 30; lastKnownFileType = sourcecode.cpp.cpp; name = Renderer.cpp; path = libfluxus/src/Renderer.cpp; sourceTree = SOURCE_ROOT; };
		FD0AF63E07CAA8B70042F2C0 /* Renderer.h */ = {isa = PBXFileReference; fileEncoding = 30; lastKnownFileType = sourcecode.c.h; name = Renderer.h; path = libfluxus/src/Renderer.h; sourceTree = SOURCE_ROOT; };
		FD0AF63F07CAA8B70042F2C0 /* SceneGraph.cpp */ = {isa = PBXFileReference; fileEncoding = 30; lastKnownFileType = sourcecode.cpp.cpp; name = SceneGraph.cpp; path = libfluxus/src/SceneGraph.cpp; sourceTree = SOURCE_ROOT; };
		FD0AF64007CAA8B70042F2C0 /* SceneGraph.h */ = {isa = PBXFileReference; fileEncoding = 30; lastKnownFileType = sourcecode.c.h; name = SceneGraph.h; path = libfluxus/src/SceneGraph.h; sourceTree = SOURCE_ROOT; };
		FD0AF64107CAA8B70042F2C0 /* State.cpp */ = {isa = PBXFileReference; fileEncoding = 30; lastKnownFileType = sourcecode.cpp.cpp; name = State.cpp; path = libfluxus/src/State.cpp; sourceTree = SOURCE_ROOT; };
		FD0AF64207CAA8B70042F2C0 /* State.h */ = {isa = PBXFileReference; fileEncoding = 30; lastKnownFileType = sourcecode.c.h; name = State.h; path = libfluxus/src/State.h; sourceTree = SOURCE_ROOT; };
		FD0AF64307CAA8B70042F2C0 /* TextPrimitive.cpp */ = {isa = PBXFileReference; fileEncoding = 30; lastKnownFileType = sourcecode.cpp.cpp; name = TextPrimitive.cpp; path = libfluxus/src/TextPrimitive.cpp; sourceTree = SOURCE_ROOT; };
		FD0AF64407CAA8B70042F2C0 /* TextPrimitive.h */ = {isa = PBXFileReference; fileEncoding = 30; lastKnownFileType = sourcecode.c.h; name = TextPrimitive.h; path = libfluxus/src/TextPrimitive.h; sourceTree = SOURCE_ROOT; };
		FD0AF64507CAA8B70042F2C0 /* TexturePainter.cpp */ = {isa = PBXFileReference; fileEncoding = 30; lastKnownFileType = sourcecode.cpp.cpp; name = TexturePainter.cpp; path = libfluxus/src/TexturePainter.cpp; sourceTree = SOURCE_ROOT; };
		FD0AF64607CAA8B70042F2C0 /* TexturePainter.h */ = {isa = PBXFileReference; fileEncoding = 30; lastKnownFileType = sourcecode.c.h; name = TexturePainter.h; path = libfluxus/src/TexturePainter.h; sourceTree = SOURCE_ROOT; };
		FD0AF64707CAA8B70042F2C0 /* Tree.cpp */ = {isa = PBXFileReference; fileEncoding = 30; lastKnownFileType = sourcecode.cpp.cpp; name = Tree.cpp; path = libfluxus/src/Tree.cpp; sourceTree = SOURCE_ROOT; };
		FD0AF64807CAA8B70042F2C0 /* Tree.h */ = {isa = PBXFileReference; fileEncoding = 30; lastKnownFileType = sourcecode.c.h; name = Tree.h; path = libfluxus/src/Tree.h; sourceTree = SOURCE_ROOT; };
		FD0AF64907CAA8B70042F2C0 /* VecFontPrimitive.h */ = {isa = PBXFileReference; fileEncoding = 30; lastKnownFileType = sourcecode.c.h; name = VecFontPrimitive.h; path = libfluxus/src/VecFontPrimitive.h; sourceTree = SOURCE_ROOT; };
		FD7A821C07CD1ED300DD512F /* AudioToolbox.framework */ = {isa = PBXFileReference; lastKnownFileType = wrapper.framework; name = AudioToolbox.framework; path = /System/Library/Frameworks/AudioToolbox.framework; sourceTree = "<absolute>"; };
		FD7A821D07CD1ED300DD512F /* AudioUnit.framework */ = {isa = PBXFileReference; lastKnownFileType = wrapper.framework; name = AudioUnit.framework; path = /System/Library/Frameworks/AudioUnit.framework; sourceTree = "<absolute>"; };
		FD7A821E07CD1ED300DD512F /* CoreAudio.framework */ = {isa = PBXFileReference; lastKnownFileType = wrapper.framework; name = CoreAudio.framework; path = /System/Library/Frameworks/CoreAudio.framework; sourceTree = "<absolute>"; };
		FD7A823207CD205A00DD512F /* libode.a */ = {isa = PBXFileReference; explicitFileType = "compiled.mach-o.dylib"; name = libode.a; path = /opt/local/lib/libode.a; sourceTree = "<absolute>"; };
		FD7A82DD07CE5CFC00DD512F /* patest_saw */ = {isa = PBXFileReference; explicitFileType = "compiled.mach-o.executable"; includeInIndex = 0; path = patest_saw; sourceTree = BUILT_PRODUCTS_DIR; };
		FD7A837907CE611700DD512F /* debug_multi_in */ = {isa = PBXFileReference; explicitFileType = "compiled.mach-o.executable"; includeInIndex = 0; path = debug_multi_in; sourceTree = BUILT_PRODUCTS_DIR; };
		FD7A841607CE63CD00DD512F /* fluxus.app */ = {isa = PBXFileReference; explicitFileType = wrapper.application; includeInIndex = 0; path = fluxus.app; sourceTree = BUILT_PRODUCTS_DIR; };
		FDAA2E2F07CBA4130005CE2E /* Physics.cpp */ = {isa = PBXFileReference; fileEncoding = 30; lastKnownFileType = sourcecode.cpp.cpp; name = Physics.cpp; path = libfluxphysics/src/Physics.cpp; sourceTree = SOURCE_ROOT; };
		FDAA2E3007CBA4130005CE2E /* Physics.h */ = {isa = PBXFileReference; fileEncoding = 30; lastKnownFileType = sourcecode.c.h; name = Physics.h; path = libfluxphysics/src/Physics.h; sourceTree = SOURCE_ROOT; };
		FDAA2E7607CBC1370005CE2E /* fluxus.app */ = {isa = PBXFileReference; includeInIndex = 0; lastKnownFileType = wrapper.application; path = fluxus.app; sourceTree = BUILT_PRODUCTS_DIR; };
		FDAA2E7907CBC1370005CE2E /* fluxus-Info.plist */ = {isa = PBXFileReference; lastKnownFileType = text.xml; path = "fluxus-Info.plist"; sourceTree = SOURCE_ROOT; };
		FDAA2EFC07CBD54E0005CE2E /* GLUT.framework */ = {isa = PBXFileReference; lastKnownFileType = wrapper.framework; name = GLUT.framework; path = /System/Library/Frameworks/GLUT.framework; sourceTree = "<absolute>"; };
		FDAA2EFE07CBD57F0005CE2E /* OpenGL.framework */ = {isa = PBXFileReference; lastKnownFileType = wrapper.framework; name = OpenGL.framework; path = /System/Library/Frameworks/OpenGL.framework; sourceTree = "<absolute>"; };
/* End PBXFileReference section */

/* Begin PBXFrameworksBuildPhase section */
		FD7A82DA07CE5CFC00DD512F /* Frameworks */ = {
			isa = PBXFrameworksBuildPhase;
			buildActionMask = 2147483647;
			files = (
				FD7A832007CE5E0700DD512F /* CoreAudio.framework in Frameworks */,
				FD7A832107CE5E0900DD512F /* AudioToolbox.framework in Frameworks */,
			);
			runOnlyForDeploymentPostprocessing = 0;
		};
		FD7A837607CE611700DD512F /* Frameworks */ = {
			isa = PBXFrameworksBuildPhase;
			buildActionMask = 2147483647;
			files = (
				FD7A838607CE617D00DD512F /* AudioToolbox.framework in Frameworks */,
				FD7A838707CE617F00DD512F /* CoreAudio.framework in Frameworks */,
			);
			runOnlyForDeploymentPostprocessing = 0;
		};
		FD7A840F07CE63CD00DD512F /* Frameworks */ = {
			isa = PBXFrameworksBuildPhase;
			buildActionMask = 2147483647;
			files = (
				FD7A841007CE63CD00DD512F /* GLUT.framework in Frameworks */,
				FD7A841107CE63CD00DD512F /* OpenGL.framework in Frameworks */,
				FD7A841207CE63CD00DD512F /* AudioToolbox.framework in Frameworks */,
				FD7A841307CE63CD00DD512F /* CoreAudio.framework in Frameworks */,
				FD7A841407CE63CD00DD512F /* libode.a in Frameworks */,
				12184238090673A500E90F1F /* libguile-ltdl.1.dylib in Frameworks */,
				12184239090673A600E90F1F /* libguile-ltdl.dylib in Frameworks */,
				1218423A090673A600E90F1F /* libguile-srfi-srfi-4-v-1.dylib in Frameworks */,
				1218423B090673A600E90F1F /* libguile-srfi-srfi-13-14-v-1.dylib in Frameworks */,
				1218423C090673A600E90F1F /* libguile.12.dylib in Frameworks */,
				1218423D090673A600E90F1F /* libjpeg.62.dylib in Frameworks */,
				1218423E090673A600E90F1F /* liblo.0.dylib in Frameworks */,
				1218423F090673A600E90F1F /* libpng.3.dylib in Frameworks */,
				12184240090673A600E90F1F /* libsndfile.1.dylib in Frameworks */,
				12184241090673A600E90F1F /* libtiff.3.dylib in Frameworks */,
				12184242090673A600E90F1F /* libz.1.dylib in Frameworks */,
				12129D9D0923C1CD00216E1B /* libjack.0.dylib in Frameworks */,
			);
			runOnlyForDeploymentPostprocessing = 0;
		};
		FDAA2E7407CBC1370005CE2E /* Frameworks */ = {
			isa = PBXFrameworksBuildPhase;
			buildActionMask = 2147483647;
			files = (
				FDAA2EFD07CBD54E0005CE2E /* GLUT.framework in Frameworks */,
				FDAA2EFF07CBD57F0005CE2E /* OpenGL.framework in Frameworks */,
				FD7A821F07CD1ED300DD512F /* AudioToolbox.framework in Frameworks */,
				FD7A822107CD1ED300DD512F /* CoreAudio.framework in Frameworks */,
				12536C690905603D00375D6A /* libode.a in Frameworks */,
				1218422D090673A500E90F1F /* libguile-ltdl.1.dylib in Frameworks */,
				1218422E090673A500E90F1F /* libguile-ltdl.dylib in Frameworks */,
				1218422F090673A500E90F1F /* libguile-srfi-srfi-4-v-1.dylib in Frameworks */,
				12184230090673A500E90F1F /* libguile-srfi-srfi-13-14-v-1.dylib in Frameworks */,
				12184231090673A500E90F1F /* libguile.12.dylib in Frameworks */,
				12184232090673A500E90F1F /* libjpeg.62.dylib in Frameworks */,
				12184233090673A500E90F1F /* liblo.0.dylib in Frameworks */,
				12184234090673A500E90F1F /* libpng.3.dylib in Frameworks */,
				12184235090673A500E90F1F /* libsndfile.1.dylib in Frameworks */,
				12184236090673A500E90F1F /* libtiff.3.dylib in Frameworks */,
				12184237090673A500E90F1F /* libz.1.dylib in Frameworks */,
				12129D9C0923C1CD00216E1B /* libjack.0.dylib in Frameworks */,
			);
			runOnlyForDeploymentPostprocessing = 0;
		};
/* End PBXFrameworksBuildPhase section */

/* Begin PBXGroup section */
		122FAE22093B1E9200802CCD /* libs */ = {
			isa = PBXGroup;
			children = (
				12129D9B0923C1CD00216E1B /* libjack.0.dylib */,
				12184227090673A500E90F1F /* libjpeg.62.dylib */,
				12184228090673A500E90F1F /* liblo.0.dylib */,
				12184229090673A500E90F1F /* libpng.3.dylib */,
				1218422A090673A500E90F1F /* libsndfile.1.dylib */,
				1218422B090673A500E90F1F /* libtiff.3.dylib */,
				1218422C090673A500E90F1F /* libz.1.dylib */,
				FD7A823207CD205A00DD512F /* libode.a */,
				12EB50710924AD99001849A3 /* guile-libs */,
			);
			name = libs;
			sourceTree = "<group>";
		};
		12EB50710924AD99001849A3 /* guile-libs */ = {
			isa = PBXGroup;
			children = (
				12184222090673A500E90F1F /* libguile-ltdl.1.dylib */,
				12184223090673A500E90F1F /* libguile-ltdl.dylib */,
				12184224090673A500E90F1F /* libguile-srfi-srfi-4-v-1.dylib */,
				12184225090673A500E90F1F /* libguile-srfi-srfi-13-14-v-1.dylib */,
				12184226090673A500E90F1F /* libguile.12.dylib */,
			);
			name = "guile-libs";
			sourceTree = "<group>";
		};
		FD0AF5FB07CAA7F50042F2C0 = {
			isa = PBXGroup;
			children = (
				122FAE22093B1E9200802CCD /* libs */,
				FD7A821C07CD1ED300DD512F /* AudioToolbox.framework */,
				FD7A821D07CD1ED300DD512F /* AudioUnit.framework */,
				FD7A821E07CD1ED300DD512F /* CoreAudio.framework */,
				FDAA2EFE07CBD57F0005CE2E /* OpenGL.framework */,
				FDAA2EFC07CBD54E0005CE2E /* GLUT.framework */,
				FD0AF61307CAA8750042F2C0 /* src */,
				FD0AF60D07CAA8290042F2C0 /* libfluxus */,
				FD0AF60A07CAA81A0042F2C0 /* libfluxphysics */,
				FDAA2E7707CBC1370005CE2E /* Products */,
				FDAA2E7907CBC1370005CE2E /* fluxus-Info.plist */,
			);
			sourceTree = "<group>";
		};
		FD0AF60A07CAA81A0042F2C0 /* libfluxphysics */ = {
			isa = PBXGroup;
			children = (
				FDAA2E2F07CBA4130005CE2E /* Physics.cpp */,
				FDAA2E3007CBA4130005CE2E /* Physics.h */,
			);
			name = libfluxphysics;
			sourceTree = "<group>";
		};
		FD0AF60D07CAA8290042F2C0 /* libfluxus */ = {
			isa = PBXGroup;
			children = (
				12EB507A0924AE25001849A3 /* PData.cpp */,
				12EB507B0924AE25001849A3 /* PData.h */,
				12EB507C0924AE25001849A3 /* PDataArithmetic.cpp */,
				12EB507D0924AE25001849A3 /* PDataArithmetic.h */,
				12EB507E0924AE25001849A3 /* PDataContainer.cpp */,
				12EB507F0924AE25001849A3 /* PDataContainer.h */,
				12EB50800924AE25001849A3 /* PDataOperator.cpp */,
				12EB50810924AE25001849A3 /* PDataOperator.h */,
				12536CAC090563D600375D6A /* NURBSPrimitive.cpp */,
				12536CAD090563D600375D6A /* NURBSPrimitive.h */,
				12536CAE090563D600375D6A /* ParticlePrimitive.cpp */,
				12536CAF090563D600375D6A /* ParticlePrimitive.h */,
				FD0AF62907CAA8B70042F2C0 /* CompiledPrimitive.cpp */,
				FD0AF62A07CAA8B70042F2C0 /* CompiledPrimitive.h */,
				FD0AF62B07CAA8B70042F2C0 /* dada.cpp */,
				FD0AF62C07CAA8B70042F2C0 /* dada.h */,
				FD0AF62D07CAA8B70042F2C0 /* GraphicsUtils.cpp */,
				FD0AF62E07CAA8B70042F2C0 /* GraphicsUtils.h */,
				FD0AF62F07CAA8B70042F2C0 /* GraphicsUtils.os */,
				FD0AF63007CAA8B70042F2C0 /* Lifeforms.cpp */,
				FD0AF63107CAA8B70042F2C0 /* Lifeforms.h */,
				FD0AF63207CAA8B70042F2C0 /* Lifeforms.os */,
				FD0AF63307CAA8B70042F2C0 /* Light.cpp */,
				FD0AF63407CAA8B70042F2C0 /* Light.h */,
				FD0AF63507CAA8B70042F2C0 /* LinePrimitive.cpp */,
				FD0AF63607CAA8B70042F2C0 /* LinePrimitive.h */,
				FD0AF63707CAA8B70042F2C0 /* PNGLoader.cpp */,
				FD0AF63807CAA8B70042F2C0 /* PNGLoader.h */,
				FD0AF63907CAA8B70042F2C0 /* PolyPrimitive.cpp */,
				FD0AF63A07CAA8B70042F2C0 /* PolyPrimitive.h */,
				FD0AF63B07CAA8B70042F2C0 /* Primitive.cpp */,
				FD0AF63C07CAA8B70042F2C0 /* Primitive.h */,
				FD0AF63D07CAA8B70042F2C0 /* Renderer.cpp */,
				FD0AF63E07CAA8B70042F2C0 /* Renderer.h */,
				FD0AF63F07CAA8B70042F2C0 /* SceneGraph.cpp */,
				FD0AF64007CAA8B70042F2C0 /* SceneGraph.h */,
				FD0AF64107CAA8B70042F2C0 /* State.cpp */,
				FD0AF64207CAA8B70042F2C0 /* State.h */,
				FD0AF64307CAA8B70042F2C0 /* TextPrimitive.cpp */,
				FD0AF64407CAA8B70042F2C0 /* TextPrimitive.h */,
				FD0AF64507CAA8B70042F2C0 /* TexturePainter.cpp */,
				FD0AF64607CAA8B70042F2C0 /* TexturePainter.h */,
				FD0AF64707CAA8B70042F2C0 /* Tree.cpp */,
				FD0AF64807CAA8B70042F2C0 /* Tree.h */,
				FD0AF64907CAA8B70042F2C0 /* VecFontPrimitive.h */,
			);
			name = libfluxus;
			sourceTree = "<group>";
		};
		FD0AF61307CAA8750042F2C0 /* src */ = {
			isa = PBXGroup;
			children = (
				12EB50720924ADE5001849A3 /* JackClient.cpp */,
				12EB50730924ADE5001849A3 /* JackClient.h */,
				12536C6C090560EE00375D6A /* Recorder.cpp */,
				12536C6D090560EE00375D6A /* Recorder.h */,
				FD0AF61407CAA8900042F2C0 /* AudioCollector.cpp */,
				FD0AF61507CAA8900042F2C0 /* AudioCollector.h */,
				FD0AF61607CAA8900042F2C0 /* Fl_Code_Editor.cpp */,
				FD0AF61707CAA8900042F2C0 /* Fl_Code_Editor.h */,
				FD0AF61807CAA8900042F2C0 /* FluxusBinding.cpp */,
				FD0AF61907CAA8900042F2C0 /* FluxusBinding.h */,
				FD0AF61A07CAA8900042F2C0 /* FluxusMain.cpp */,
				FD0AF61B07CAA8900042F2C0 /* FluxusMain.h */,
				FD0AF61C07CAA8900042F2C0 /* GLEditor.cpp */,
				FD0AF61D07CAA8900042F2C0 /* GLEditor.h */,
				FD0AF61E07CAA8900042F2C0 /* GUI.cpp */,
				FD0AF61F07CAA8900042F2C0 /* GUI.h */,
				FD0AF62007CAA8900042F2C0 /* main.cpp */,
				FD0AF62107CAA8900042F2C0 /* OSCServer.cpp */,
				FD0AF62207CAA8900042F2C0 /* OSCServer.h */,
				FD0AF62507CAA8900042F2C0 /* TurtleBuilder.cpp */,
				FD0AF62607CAA8900042F2C0 /* TurtleBuilder.h */,
				FD0AF62707CAA8900042F2C0 /* Utils.cpp */,
				FD0AF62807CAA8900042F2C0 /* Utils.h */,
			);
			name = src;
			sourceTree = "<group>";
		};
		FDAA2E7707CBC1370005CE2E /* Products */ = {
			isa = PBXGroup;
			children = (
				FDAA2E7607CBC1370005CE2E /* fluxus.app */,
				FD7A82DD07CE5CFC00DD512F /* patest_saw */,
				FD7A837907CE611700DD512F /* debug_multi_in */,
				FD7A841607CE63CD00DD512F /* fluxus.app */,
			);
			name = Products;
			sourceTree = "<group>";
		};
/* End PBXGroup section */

/* Begin PBXHeadersBuildPhase section */
		FD7A82D807CE5CFC00DD512F /* Headers */ = {
			isa = PBXHeadersBuildPhase;
			buildActionMask = 2147483647;
			files = (
			);
			runOnlyForDeploymentPostprocessing = 0;
		};
		FD7A837407CE611700DD512F /* Headers */ = {
			isa = PBXHeadersBuildPhase;
			buildActionMask = 2147483647;
			files = (
			);
			runOnlyForDeploymentPostprocessing = 0;
		};
/* End PBXHeadersBuildPhase section */

/* Begin PBXNativeTarget section */
		FD7A83D107CE63CD00DD512F /* fluxus-G3 */ = {
			isa = PBXNativeTarget;
			buildConfigurationList = 12536C2C09055D4500375D6A /* Build configuration list for PBXNativeTarget "fluxus-G3" */;
			buildPhases = (
				FD7A83D207CE63CD00DD512F /* Resources */,
				FD7A83F007CE63CD00DD512F /* Sources */,
				FD7A840F07CE63CD00DD512F /* Frameworks */,
				FD7A841507CE63CD00DD512F /* CopyFiles */,
			);
			buildRules = (
			);
			buildSettings = {
				GCC_DEBUGGING_SYMBOLS = used;
				GCC_OPTIMIZATION_LEVEL = 0;
				GCC_PRECOMPILE_PREFIX_HEADER = NO;
				GCC_PREFIX_HEADER = "";
				HEADER_SEARCH_PATHS = (
					"../libsndfile-1.0.11/src",
					"../fftw-3.0.1-fma/api",
					../ode/include,
					/sw/include,
					../portaudio_v18_1/pa_common,
					"../liblo-0.16",
				);
				INFOPLIST_FILE = "fluxus-Info.plist";
				INSTALL_PATH = "$(USER_APPS_DIR)";
				LIBRARY_SEARCH_PATHS = (
					../libs,
					/opt/local/lib/,
					/sw/lib,
				);
				OTHER_CFLAGS = "";
				OTHER_CPLUSPLUSFLAGS = (
					"-ffast-math",
					"-fPIC",
					"-faltivec",
				);
				OTHER_LDFLAGS = (
					"-lpng",
					"-lsndfile",
					"-lguile",
					"-lobjc",
					"-lz",
					"-ltiff",
					"-ljpeg",
					"-llo",
					"-lfftw3",
				);
				OTHER_REZFLAGS = "";
				PRODUCT_NAME = fluxus;
				SECTORDER_FLAGS = "";
				WARNING_CFLAGS = (
					"-Wmost",
					"-Wno-four-char-constants",
					"-Wno-unknown-pragmas",
				);
			};
			dependencies = (
			);
			name = "fluxus-G3";
			productName = fluxus;
			productReference = FD7A841607CE63CD00DD512F /* fluxus.app */;
			productSettingsXML = "<?xml version=\"1.0\" encoding=\"UTF-8\"?>
<!DOCTYPE plist PUBLIC \"-//Apple Computer//DTD PLIST 1.0//EN\" \"http://www.apple.com/DTDs/PropertyList-1.0.dtd\">
<plist version=\"1.0\">
<dict>
	<key>CFBundleDevelopmentRegion</key>
	<string>English</string>
	<key>CFBundleExecutable</key>
	<string>fluxus</string>
	<key>CFBundleIdentifier</key>
	<string>com.yourcompany.fluxus</string>
	<key>CFBundleInfoDictionaryVersion</key>
	<string>6.0</string>
	<key>CFBundlePackageType</key>
	<string>APPL</string>
	<key>CFBundleSignature</key>
	<string>????</string>
	<key>CFBundleVersion</key>
	<string>1.0</string>
</dict>
</plist>
";
			productType = "com.apple.product-type.application";
		};
		FDAA2E7507CBC1370005CE2E /* fluxus */ = {
			isa = PBXNativeTarget;
			buildConfigurationList = 12536C2009055D4500375D6A /* Build configuration list for PBXNativeTarget "fluxus" */;
			buildPhases = (
				FDAA2E7207CBC1370005CE2E /* Resources */,
				FDAA2E7307CBC1370005CE2E /* Sources */,
				FDAA2E7407CBC1370005CE2E /* Frameworks */,
				FD7A828207CD8C2D00DD512F /* CopyFiles */,
			);
			buildRules = (
			);
			buildSettings = {
				GCC_DEBUGGING_SYMBOLS = used;
				GCC_OPTIMIZATION_LEVEL = 0;
				GCC_PRECOMPILE_PREFIX_HEADER = NO;
				GCC_PREFIX_HEADER = "";
				HEADER_SEARCH_PATHS = (
					"../libsndfile-1.0.11/src",
					"../fftw-3.0.1-fma/api",
					../ode/include,
					/sw/include,
					../portaudio_v18_1/pa_common,
					"../liblo-0.16",
				);
				INFOPLIST_FILE = "fluxus-Info.plist";
				INSTALL_PATH = "$(USER_APPS_DIR)";
				LIBRARY_SEARCH_PATHS = (
					../libs,
					/opt/local/lib,
					/sw/lib,
					"../fftw-3.0.1-fma/.libs",
				);
				OTHER_CFLAGS = "";
				OTHER_CPLUSPLUSFLAGS = (
					"-ffast-math",
					"-fPIC",
					"-faltivec",
				);
				OTHER_LDFLAGS = (
					"-lpng",
					"-lsndfile",
					"-lguile",
					"-lobjc",
					"-lz",
					"-ltiff",
					"-ljpeg",
					"-llo",
					"-lfftw3f",
				);
				OTHER_REZFLAGS = "";
				PRODUCT_NAME = fluxus;
				SECTORDER_FLAGS = "";
				WARNING_CFLAGS = (
					"-Wmost",
					"-Wno-four-char-constants",
					"-Wno-unknown-pragmas",
				);
			};
			dependencies = (
			);
			name = fluxus;
			productName = fluxus;
			productReference = FDAA2E7607CBC1370005CE2E /* fluxus.app */;
			productSettingsXML = "<?xml version=\"1.0\" encoding=\"UTF-8\"?>
<!DOCTYPE plist PUBLIC \"-//Apple Computer//DTD PLIST 1.0//EN\" \"http://www.apple.com/DTDs/PropertyList-1.0.dtd\">
<plist version=\"1.0\">
<dict>
	<key>CFBundleDevelopmentRegion</key>
	<string>English</string>
	<key>CFBundleExecutable</key>
	<string>fluxus</string>
	<key>CFBundleIdentifier</key>
	<string>com.yourcompany.fluxus</string>
	<key>CFBundleInfoDictionaryVersion</key>
	<string>6.0</string>
	<key>CFBundlePackageType</key>
	<string>APPL</string>
	<key>CFBundleSignature</key>
	<string>????</string>
	<key>CFBundleVersion</key>
	<string>1.0</string>
</dict>
</plist>
";
			productType = "com.apple.product-type.application";
		};
/* End PBXNativeTarget section */

/* Begin PBXProject section */
		FD0AF5FF07CAA7F60042F2C0 /* Project object */ = {
			isa = PBXProject;
			buildConfigurationList = 12536C3009055D4500375D6A /* Build configuration list for PBXProject "fluxus" */;
			buildSettings = {
			};
			buildStyles = (
				FD0AF5FD07CAA7F60042F2C0 /* Development */,
				FD0AF5FE07CAA7F60042F2C0 /* Deployment */,
			);
			hasScannedForEncodings = 0;
			mainGroup = FD0AF5FB07CAA7F50042F2C0;
			productRefGroup = FDAA2E7707CBC1370005CE2E /* Products */;
			projectDirPath = "";
			targets = (
				FDAA2E7507CBC1370005CE2E /* fluxus */,
				FD7A82DC07CE5CFC00DD512F /* patest_saw */,
				FD7A837807CE611700DD512F /* debug_multi_in */,
				FD7A83D107CE63CD00DD512F /* fluxus-G3 */,
			);
		};
/* End PBXProject section */

/* Begin PBXResourcesBuildPhase section */
		FD7A83D207CE63CD00DD512F /* Resources */ = {
			isa = PBXResourcesBuildPhase;
			buildActionMask = 2147483647;
			files = (
				FD7A83D307CE63CD00DD512F /* Physics.h in Resources */,
				FD7A83D407CE63CD00DD512F /* CompiledPrimitive.h in Resources */,
				FD7A83D507CE63CD00DD512F /* dada.h in Resources */,
				FD7A83D607CE63CD00DD512F /* GraphicsUtils.h in Resources */,
				FD7A83D707CE63CD00DD512F /* Lifeforms.h in Resources */,
				FD7A83D807CE63CD00DD512F /* Light.h in Resources */,
				FD7A83D907CE63CD00DD512F /* LinePrimitive.h in Resources */,
				FD7A83DA07CE63CD00DD512F /* PNGLoader.h in Resources */,
				FD7A83DB07CE63CD00DD512F /* PolyPrimitive.h in Resources */,
				FD7A83DC07CE63CD00DD512F /* Primitive.h in Resources */,
				FD7A83DD07CE63CD00DD512F /* Renderer.h in Resources */,
				FD7A83DE07CE63CD00DD512F /* SceneGraph.h in Resources */,
				FD7A83DF07CE63CD00DD512F /* State.h in Resources */,
				FD7A83E007CE63CD00DD512F /* TextPrimitive.h in Resources */,
				FD7A83E107CE63CD00DD512F /* TexturePainter.h in Resources */,
				FD7A83E207CE63CD00DD512F /* Tree.h in Resources */,
				FD7A83E307CE63CD00DD512F /* VecFontPrimitive.h in Resources */,
				FD7A83E407CE63CD00DD512F /* AudioCollector.h in Resources */,
				FD7A83E507CE63CD00DD512F /* FluxusBinding.h in Resources */,
				FD7A83E607CE63CD00DD512F /* FluxusMain.h in Resources */,
				FD7A83E707CE63CD00DD512F /* GLEditor.h in Resources */,
				FD7A83E807CE63CD00DD512F /* OSCServer.h in Resources */,
				FD7A83E907CE63CD00DD512F /* TurtleBuilder.h in Resources */,
				FD7A83EA07CE63CD00DD512F /* Utils.h in Resources */,
			);
			runOnlyForDeploymentPostprocessing = 0;
		};
		FDAA2E7207CBC1370005CE2E /* Resources */ = {
			isa = PBXResourcesBuildPhase;
			buildActionMask = 2147483647;
			files = (
				FDAA2E7A07CBC1540005CE2E /* Physics.h in Resources */,
				FDAA2E8307CBC1790005CE2E /* CompiledPrimitive.h in Resources */,
				FDAA2E8507CBC17E0005CE2E /* dada.h in Resources */,
				FDAA2E8707CBC1840005CE2E /* GraphicsUtils.h in Resources */,
				FDAA2E8907CBC18B0005CE2E /* Lifeforms.h in Resources */,
				FDAA2E8B07CBC1930005CE2E /* Light.h in Resources */,
				FDAA2E8D07CBC1980005CE2E /* LinePrimitive.h in Resources */,
				FDAA2E8F07CBC19E0005CE2E /* PNGLoader.h in Resources */,
				FDAA2E9107CBC20B0005CE2E /* PolyPrimitive.h in Resources */,
				FDAA2E9507CBC2330005CE2E /* Primitive.h in Resources */,
				FDAA2E9707CBC2380005CE2E /* Renderer.h in Resources */,
				FDAA2E9907CBC23D0005CE2E /* SceneGraph.h in Resources */,
				FDAA2E9B07CBC2410005CE2E /* State.h in Resources */,
				FDAA2E9D07CBC2450005CE2E /* TextPrimitive.h in Resources */,
				FDAA2E9F07CBC24A0005CE2E /* TexturePainter.h in Resources */,
				FDAA2EA107CBC24F0005CE2E /* Tree.h in Resources */,
				FDAA2EA307CBC2560005CE2E /* VecFontPrimitive.h in Resources */,
				FDAA2EA707CBC2B40005CE2E /* AudioCollector.h in Resources */,
				FDAA2EA907CBC2C10005CE2E /* FluxusBinding.h in Resources */,
				FDAA2EAB07CBC2C30005CE2E /* FluxusMain.h in Resources */,
				FDAA2EAD07CBC2C50005CE2E /* GLEditor.h in Resources */,
				FDAA2EB007CBC2E40005CE2E /* OSCServer.h in Resources */,
				FDAA2EB207CBC31B0005CE2E /* TurtleBuilder.h in Resources */,
				FDAA2EB407CBC31E0005CE2E /* Utils.h in Resources */,
			);
			runOnlyForDeploymentPostprocessing = 0;
		};
/* End PBXResourcesBuildPhase section */

/* Begin PBXRezBuildPhase section */
		FD7A82DB07CE5CFC00DD512F /* Rez */ = {
			isa = PBXRezBuildPhase;
			buildActionMask = 2147483647;
			files = (
			);
			runOnlyForDeploymentPostprocessing = 0;
		};
		FD7A837707CE611700DD512F /* Rez */ = {
			isa = PBXRezBuildPhase;
			buildActionMask = 2147483647;
			files = (
			);
			runOnlyForDeploymentPostprocessing = 0;
		};
/* End PBXRezBuildPhase section */

/* Begin PBXSourcesBuildPhase section */
		FD7A82D907CE5CFC00DD512F /* Sources */ = {
			isa = PBXSourcesBuildPhase;
			buildActionMask = 2147483647;
			files = (
			);
			runOnlyForDeploymentPostprocessing = 0;
		};
		FD7A837507CE611700DD512F /* Sources */ = {
			isa = PBXSourcesBuildPhase;
			buildActionMask = 2147483647;
			files = (
			);
			runOnlyForDeploymentPostprocessing = 0;
		};
		FD7A83F007CE63CD00DD512F /* Sources */ = {
			isa = PBXSourcesBuildPhase;
			buildActionMask = 2147483647;
			files = (
				FD7A83F107CE63CD00DD512F /* AudioCollector.cpp in Sources */,
				FD7A83F207CE63CD00DD512F /* FluxusMain.cpp in Sources */,
				FD7A83F307CE63CD00DD512F /* FluxusBinding.cpp in Sources */,
				FD7A83F407CE63CD00DD512F /* TurtleBuilder.cpp in Sources */,
				FD7A83F507CE63CD00DD512F /* GLEditor.cpp in Sources */,
				FD7A83F707CE63CD00DD512F /* Utils.cpp in Sources */,
				FD7A83F807CE63CD00DD512F /* OSCServer.cpp in Sources */,
				FD7A83F907CE63CD00DD512F /* main.cpp in Sources */,
				FD7A83FA07CE63CD00DD512F /* GraphicsUtils.cpp in Sources */,
				FD7A83FB07CE63CD00DD512F /* Lifeforms.cpp in Sources */,
				FD7A83FC07CE63CD00DD512F /* CompiledPrimitive.cpp in Sources */,
				FD7A83FD07CE63CD00DD512F /* dada.cpp in Sources */,
				FD7A83FE07CE63CD00DD512F /* Light.cpp in Sources */,
				FD7A83FF07CE63CD00DD512F /* LinePrimitive.cpp in Sources */,
				FD7A840007CE63CD00DD512F /* PNGLoader.cpp in Sources */,
				FD7A840107CE63CD00DD512F /* PolyPrimitive.cpp in Sources */,
				FD7A840207CE63CD00DD512F /* Primitive.cpp in Sources */,
				FD7A840307CE63CD00DD512F /* Renderer.cpp in Sources */,
				FD7A840407CE63CD00DD512F /* SceneGraph.cpp in Sources */,
				FD7A840507CE63CD00DD512F /* State.cpp in Sources */,
				FD7A840607CE63CD00DD512F /* TextPrimitive.cpp in Sources */,
				FD7A840707CE63CD00DD512F /* TexturePainter.cpp in Sources */,
				FD7A840807CE63CD00DD512F /* Tree.cpp in Sources */,
				FD7A840907CE63CD00DD512F /* Physics.cpp in Sources */,
				12536C70090560EE00375D6A /* Recorder.cpp in Sources */,
				12536CB4090563D600375D6A /* NURBSPrimitive.cpp in Sources */,
				12536CB6090563D600375D6A /* ParticlePrimitive.cpp in Sources */,
				12EB50760924ADE5001849A3 /* JackClient.cpp in Sources */,
				12EB508A0924AE25001849A3 /* PData.cpp in Sources */,
				12EB508C0924AE25001849A3 /* PDataArithmetic.cpp in Sources */,
				12EB508E0924AE25001849A3 /* PDataContainer.cpp in Sources */,
				12EB50900924AE25001849A3 /* PDataOperator.cpp in Sources */,
			);
			runOnlyForDeploymentPostprocessing = 0;
		};
		FDAA2E7307CBC1370005CE2E /* Sources */ = {
			isa = PBXSourcesBuildPhase;
			buildActionMask = 2147483647;
			files = (
				FDAA2EA607CBC2B30005CE2E /* AudioCollector.cpp in Sources */,
				FDAA2EAA07CBC2C20005CE2E /* FluxusMain.cpp in Sources */,
				FDAA2EA807CBC2C00005CE2E /* FluxusBinding.cpp in Sources */,
				FDAA2EB107CBC31A0005CE2E /* TurtleBuilder.cpp in Sources */,
				FDAA2EAC07CBC2C40005CE2E /* GLEditor.cpp in Sources */,
				FDAA2EB307CBC31E0005CE2E /* Utils.cpp in Sources */,
				FDAA2EAF07CBC2E30005CE2E /* OSCServer.cpp in Sources */,
				FDAA2EAE07CBC2E00005CE2E /* main.cpp in Sources */,
				FDAA2E8807CBC1850005CE2E /* GraphicsUtils.cpp in Sources */,
				FDAA2E8A07CBC18C0005CE2E /* Lifeforms.cpp in Sources */,
				FDAA2E8407CBC17A0005CE2E /* CompiledPrimitive.cpp in Sources */,
				FDAA2E8607CBC17F0005CE2E /* dada.cpp in Sources */,
				FDAA2E8C07CBC1940005CE2E /* Light.cpp in Sources */,
				FDAA2E8E07CBC1990005CE2E /* LinePrimitive.cpp in Sources */,
				FDAA2E9007CBC2060005CE2E /* PNGLoader.cpp in Sources */,
				FDAA2E9207CBC20C0005CE2E /* PolyPrimitive.cpp in Sources */,
				FDAA2E9607CBC2330005CE2E /* Primitive.cpp in Sources */,
				FDAA2E9807CBC2390005CE2E /* Renderer.cpp in Sources */,
				FDAA2E9A07CBC23E0005CE2E /* SceneGraph.cpp in Sources */,
				FDAA2E9C07CBC2420005CE2E /* State.cpp in Sources */,
				FDAA2E9E07CBC2460005CE2E /* TextPrimitive.cpp in Sources */,
				FDAA2EA007CBC24B0005CE2E /* TexturePainter.cpp in Sources */,
				FDAA2EA207CBC2500005CE2E /* Tree.cpp in Sources */,
				FDAA2E7B07CBC1550005CE2E /* Physics.cpp in Sources */,
				12536C6E090560EE00375D6A /* Recorder.cpp in Sources */,
				12536CB0090563D600375D6A /* NURBSPrimitive.cpp in Sources */,
				12536CB2090563D600375D6A /* ParticlePrimitive.cpp in Sources */,
				12EB50740924ADE5001849A3 /* JackClient.cpp in Sources */,
				12EB50820924AE25001849A3 /* PData.cpp in Sources */,
				12EB50840924AE25001849A3 /* PDataArithmetic.cpp in Sources */,
				12EB50860924AE25001849A3 /* PDataContainer.cpp in Sources */,
				12EB50880924AE25001849A3 /* PDataOperator.cpp in Sources */,
			);
			runOnlyForDeploymentPostprocessing = 0;
		};
/* End PBXSourcesBuildPhase section */

/* Begin PBXToolTarget section */
		FD7A82DC07CE5CFC00DD512F /* patest_saw */ = {
			isa = PBXToolTarget;
			buildConfigurationList = 12536C2409055D4500375D6A /* Build configuration list for PBXToolTarget "patest_saw" */;
			buildPhases = (
				FD7A82D807CE5CFC00DD512F /* Headers */,
				FD7A82D907CE5CFC00DD512F /* Sources */,
				FD7A82DA07CE5CFC00DD512F /* Frameworks */,
				FD7A82DB07CE5CFC00DD512F /* Rez */,
			);
			buildSettings = {
				HEADER_SEARCH_PATHS = ../portaudio_v18_1/pa_common;
				OPTIMIZATION_CFLAGS = "";
				OTHER_CFLAGS = "";
				OTHER_LDFLAGS = "";
				OTHER_REZFLAGS = "";
				PRODUCT_NAME = patest_saw;
				REZ_EXECUTABLE = YES;
				SECTORDER_FLAGS = "";
				WARNING_CFLAGS = (
					"-Wmost",
					"-Wno-four-char-constants",
					"-Wno-unknown-pragmas",
				);
			};
			dependencies = (
			);
			name = patest_saw;
			productInstallPath = /usr/local/bin;
			productName = patest_saw;
			productReference = FD7A82DD07CE5CFC00DD512F /* patest_saw */;
		};
		FD7A837807CE611700DD512F /* debug_multi_in */ = {
			isa = PBXToolTarget;
			buildConfigurationList = 12536C2809055D4500375D6A /* Build configuration list for PBXToolTarget "debug_multi_in" */;
			buildPhases = (
				FD7A837407CE611700DD512F /* Headers */,
				FD7A837507CE611700DD512F /* Sources */,
				FD7A837607CE611700DD512F /* Frameworks */,
				FD7A837707CE611700DD512F /* Rez */,
			);
			buildSettings = {
				HEADER_SEARCH_PATHS = ../portaudio_v18_1/pa_common;
				OPTIMIZATION_CFLAGS = "";
				OTHER_CFLAGS = "";
				OTHER_LDFLAGS = "";
				OTHER_REZFLAGS = "";
				PRODUCT_NAME = debug_multi_in;
				REZ_EXECUTABLE = YES;
				SECTORDER_FLAGS = "";
				WARNING_CFLAGS = (
					"-Wmost",
					"-Wno-four-char-constants",
					"-Wno-unknown-pragmas",
				);
			};
			dependencies = (
			);
			name = debug_multi_in;
			productInstallPath = /usr/local/bin;
			productName = debug_multi_in;
			productReference = FD7A837907CE611700DD512F /* debug_multi_in */;
		};
/* End PBXToolTarget section */

/* Begin XCBuildConfiguration section */
		12536C2109055D4500375D6A /* Development */ = {
			isa = XCBuildConfiguration;
			buildSettings = {
				COPY_PHASE_STRIP = NO;
				GCC_DEBUGGING_SYMBOLS = used;
				GCC_OPTIMIZATION_LEVEL = 0;
				GCC_PRECOMPILE_PREFIX_HEADER = NO;
				GCC_PREFIX_HEADER = "";
				HEADER_SEARCH_PATHS = (
					"../libsndfile-1.0.11/src",
					"../fftw-3.0.1-fma/api",
					../ode/include,
					/sw/include,
					../portaudio_v18_1/pa_common,
					"../liblo-0.16",
				);
				INFOPLIST_FILE = "fluxus-Info.plist";
				INSTALL_PATH = "$(USER_APPS_DIR)";
				LIBRARY_SEARCH_PATHS = (
					../libs,
					"../fftw-3.0.1-fma/.libs",
					/opt/local/lib,
					/sw/lib,
					"$(SRCROOT)/build/Frameworks",
				);
				OTHER_CFLAGS = "";
				OTHER_CPLUSPLUSFLAGS = (
					"-ffast-math",
					"-fPIC",
					"-faltivec",
				);
				OTHER_LDFLAGS = (
					"-lpng",
					"-lsndfile",
					"-lguile",
					"-lobjc",
					"-lz",
					"-ltiff",
					"-ljpeg",
					"-llo",
					"-lfftw3f",
				);
				OTHER_REZFLAGS = "";
				PRODUCT_NAME = fluxus;
				SECTORDER_FLAGS = "";
				WARNING_CFLAGS = (
					"-Wmost",
					"-Wno-four-char-constants",
					"-Wno-unknown-pragmas",
				);
			};
			name = Development;
		};
		12536C2209055D4500375D6A /* Deployment */ = {
			isa = XCBuildConfiguration;
			buildSettings = {
				COPY_PHASE_STRIP = YES;
				DEPLOYMENT_LOCATION = NO;
				FRAMEWORK_SEARCH_PATHS = "";
				GCC_DEBUGGING_SYMBOLS = used;
				GCC_OPTIMIZATION_LEVEL = 0;
				GCC_PRECOMPILE_PREFIX_HEADER = NO;
				GCC_PREFIX_HEADER = "";
				HEADER_SEARCH_PATHS = (
					"../libsndfile-1.0.11/src",
					"../fftw-3.0.1-fma/api",
					../ode/include,
					/sw/include,
					../portaudio_v18_1/pa_common,
					"../liblo-0.16",
				);
				INFOPLIST_FILE = "fluxus-Info.plist";
				INSTALL_PATH = "@executable_path/../Frameworks";
				LIBRARY_SEARCH_PATHS = (
					../libs,
					"../fftw-3.0.1-fma/.libs",
					/opt/local/lib,
					/sw/lib,
					"$(SRCROOT)/build/Frameworks",
				);
				LIBRARY_STYLE = STATIC;
				OTHER_CFLAGS = "";
				OTHER_CPLUSPLUSFLAGS = (
					"-ffast-math",
					"-fPIC",
					"-faltivec",
				);
				OTHER_LDFLAGS = (
					"-lpng",
					"-lsndfile",
					"-lguile",
					"-lobjc",
					"-lz",
					"-ltiff",
					"-ljpeg",
					"-llo",
					"-lfftw3f",
				);
				OTHER_REZFLAGS = "";
				PRODUCT_NAME = fluxus;
				SECTORDER_FLAGS = "";
				WARNING_CFLAGS = (
					"-Wmost",
					"-Wno-four-char-constants",
					"-Wno-unknown-pragmas",
				);
			};
			name = Deployment;
		};
		12536C2309055D4500375D6A /* Default */ = {
			isa = XCBuildConfiguration;
			buildSettings = {
				GCC_DEBUGGING_SYMBOLS = used;
				GCC_OPTIMIZATION_LEVEL = 0;
				GCC_PRECOMPILE_PREFIX_HEADER = NO;
				GCC_PREFIX_HEADER = "";
				HEADER_SEARCH_PATHS = (
					"../libsndfile-1.0.11/src",
					"../fftw-3.0.1-fma/api",
					../ode/include,
					/sw/include,
					../portaudio_v18_1/pa_common,
					"../liblo-0.16",
				);
				INFOPLIST_FILE = "fluxus-Info.plist";
				INSTALL_PATH = "$(USER_APPS_DIR)";
				LIBRARY_SEARCH_PATHS = (
					../libs,
					"../fftw-3.0.1-fma/.libs",
					/opt/local/lib,
					/sw/lib,
					"$(SRCROOT)/build/Frameworks",
				);
				OTHER_CFLAGS = "";
				OTHER_CPLUSPLUSFLAGS = (
					"-ffast-math",
					"-fPIC",
					"-faltivec",
				);
				OTHER_LDFLAGS = (
					"-lpng",
					"-lsndfile",
					"-lguile",
					"-lobjc",
					"-lz",
					"-ltiff",
					"-ljpeg",
					"-llo",
					"-lfftw3f",
				);
				OTHER_REZFLAGS = "";
				PRODUCT_NAME = fluxus;
				SECTORDER_FLAGS = "";
				WARNING_CFLAGS = (
					"-Wmost",
					"-Wno-four-char-constants",
					"-Wno-unknown-pragmas",
				);
			};
			name = Default;
		};
		12536C2509055D4500375D6A /* Development */ = {
			isa = XCBuildConfiguration;
			buildSettings = {
				COPY_PHASE_STRIP = NO;
				HEADER_SEARCH_PATHS = ../portaudio_v18_1/pa_common;
				OTHER_CFLAGS = "";
				OTHER_LDFLAGS = "";
				OTHER_REZFLAGS = "";
				PRODUCT_NAME = patest_saw;
				REZ_EXECUTABLE = YES;
				SECTORDER_FLAGS = "";
				WARNING_CFLAGS = (
					"-Wmost",
					"-Wno-four-char-constants",
					"-Wno-unknown-pragmas",
				);
			};
			name = Development;
		};
		12536C2609055D4500375D6A /* Deployment */ = {
			isa = XCBuildConfiguration;
			buildSettings = {
				COPY_PHASE_STRIP = YES;
				HEADER_SEARCH_PATHS = ../portaudio_v18_1/pa_common;
				OTHER_CFLAGS = "";
				OTHER_LDFLAGS = "";
				OTHER_REZFLAGS = "";
				PRODUCT_NAME = patest_saw;
				REZ_EXECUTABLE = YES;
				SECTORDER_FLAGS = "";
				WARNING_CFLAGS = (
					"-Wmost",
					"-Wno-four-char-constants",
					"-Wno-unknown-pragmas",
				);
			};
			name = Deployment;
		};
		12536C2709055D4500375D6A /* Default */ = {
			isa = XCBuildConfiguration;
			buildSettings = {
				HEADER_SEARCH_PATHS = ../portaudio_v18_1/pa_common;
				OTHER_CFLAGS = "";
				OTHER_LDFLAGS = "";
				OTHER_REZFLAGS = "";
				PRODUCT_NAME = patest_saw;
				REZ_EXECUTABLE = YES;
				SECTORDER_FLAGS = "";
				WARNING_CFLAGS = (
					"-Wmost",
					"-Wno-four-char-constants",
					"-Wno-unknown-pragmas",
				);
			};
			name = Default;
		};
		12536C2909055D4500375D6A /* Development */ = {
			isa = XCBuildConfiguration;
			buildSettings = {
				COPY_PHASE_STRIP = NO;
				HEADER_SEARCH_PATHS = ../portaudio_v18_1/pa_common;
				OTHER_CFLAGS = "";
				OTHER_LDFLAGS = "";
				OTHER_REZFLAGS = "";
				PRODUCT_NAME = debug_multi_in;
				REZ_EXECUTABLE = YES;
				SECTORDER_FLAGS = "";
				WARNING_CFLAGS = (
					"-Wmost",
					"-Wno-four-char-constants",
					"-Wno-unknown-pragmas",
				);
			};
			name = Development;
		};
		12536C2A09055D4500375D6A /* Deployment */ = {
			isa = XCBuildConfiguration;
			buildSettings = {
				COPY_PHASE_STRIP = YES;
				HEADER_SEARCH_PATHS = ../portaudio_v18_1/pa_common;
				OTHER_CFLAGS = "";
				OTHER_LDFLAGS = "";
				OTHER_REZFLAGS = "";
				PRODUCT_NAME = debug_multi_in;
				REZ_EXECUTABLE = YES;
				SECTORDER_FLAGS = "";
				WARNING_CFLAGS = (
					"-Wmost",
					"-Wno-four-char-constants",
					"-Wno-unknown-pragmas",
				);
			};
			name = Deployment;
		};
		12536C2B09055D4500375D6A /* Default */ = {
			isa = XCBuildConfiguration;
			buildSettings = {
				HEADER_SEARCH_PATHS = ../portaudio_v18_1/pa_common;
				OTHER_CFLAGS = "";
				OTHER_LDFLAGS = "";
				OTHER_REZFLAGS = "";
				PRODUCT_NAME = debug_multi_in;
				REZ_EXECUTABLE = YES;
				SECTORDER_FLAGS = "";
				WARNING_CFLAGS = (
					"-Wmost",
					"-Wno-four-char-constants",
					"-Wno-unknown-pragmas",
				);
			};
			name = Default;
		};
		12536C2D09055D4500375D6A /* Development */ = {
			isa = XCBuildConfiguration;
			buildSettings = {
				COPY_PHASE_STRIP = NO;
				GCC_DEBUGGING_SYMBOLS = used;
				GCC_OPTIMIZATION_LEVEL = 0;
				GCC_PRECOMPILE_PREFIX_HEADER = NO;
				GCC_PREFIX_HEADER = "";
				HEADER_SEARCH_PATHS = (
					"../libsndfile-1.0.11/src",
					"../fftw-3.0.1-fma/api",
					../ode/include,
					/sw/include,
					../portaudio_v18_1/pa_common,
					"../liblo-0.16",
				);
				INFOPLIST_FILE = "/Users/tigital/dev/fluxus/fluxus-Info copy.plist";
				INSTALL_PATH = "$(USER_APPS_DIR)";
				LIBRARY_SEARCH_PATHS = (
					../libs,
					/Users/tigital/dev/fluxus,
					/Users/tigital/dev/ode/lib,
					"$(SRCROOT)/build/Frameworks",
				);
				OTHER_CFLAGS = "";
				OTHER_CPLUSPLUSFLAGS = (
					"-ffast-math",
					"-fPIC",
					"-faltivec",
				);
				OTHER_LDFLAGS = (
					"-lpng",
					"-lsndfile",
					"-lguile",
					"-lobjc",
					"-lz",
					"-ltiff",
					"-ljpeg",
					"-llo",
					"-lfftw3",
				);
				OTHER_REZFLAGS = "";
				PRODUCT_NAME = fluxus;
				SECTORDER_FLAGS = "";
				WARNING_CFLAGS = (
					"-Wmost",
					"-Wno-four-char-constants",
					"-Wno-unknown-pragmas",
				);
			};
			name = Development;
		};
		12536C2E09055D4500375D6A /* Deployment */ = {
			isa = XCBuildConfiguration;
			buildSettings = {
				COPY_PHASE_STRIP = YES;
				GCC_DEBUGGING_SYMBOLS = used;
				GCC_OPTIMIZATION_LEVEL = 0;
				GCC_PRECOMPILE_PREFIX_HEADER = NO;
				GCC_PREFIX_HEADER = "";
				HEADER_SEARCH_PATHS = (
					"../libsndfile-1.0.11/src",
					"../fftw-3.0.1-fma/api",
					../ode/include,
					/sw/include,
					../portaudio_v18_1/pa_common,
					"../liblo-0.16",
				);
				INFOPLIST_FILE = "/Users/tigital/dev/fluxus/fluxus-Info copy.plist";
				INSTALL_PATH = "$(USER_APPS_DIR)";
				LIBRARY_SEARCH_PATHS = (
					../libs,
					/Users/tigital/dev/fluxus,
					/Users/tigital/dev/ode/lib,
					"$(SRCROOT)/build/Frameworks",
				);
				OTHER_CFLAGS = "";
				OTHER_CPLUSPLUSFLAGS = (
					"-ffast-math",
					"-fPIC",
					"-faltivec",
				);
				OTHER_LDFLAGS = (
					"-lpng",
					"-lsndfile",
					"-lguile",
					"-lobjc",
					"-lz",
					"-ltiff",
					"-ljpeg",
					"-llo",
					"-lfftw3",
				);
				OTHER_REZFLAGS = "";
				PRODUCT_NAME = fluxus;
				SECTORDER_FLAGS = "";
				WARNING_CFLAGS = (
					"-Wmost",
					"-Wno-four-char-constants",
					"-Wno-unknown-pragmas",
				);
			};
			name = Deployment;
		};
		12536C2F09055D4500375D6A /* Default */ = {
			isa = XCBuildConfiguration;
			buildSettings = {
				GCC_DEBUGGING_SYMBOLS = used;
				GCC_OPTIMIZATION_LEVEL = 0;
				GCC_PRECOMPILE_PREFIX_HEADER = NO;
				GCC_PREFIX_HEADER = "";
				HEADER_SEARCH_PATHS = (
					"../libsndfile-1.0.11/src",
					"../fftw-3.0.1-fma/api",
					../ode/include,
					/sw/include,
					../portaudio_v18_1/pa_common,
					"../liblo-0.16",
				);
				INFOPLIST_FILE = "/Users/tigital/dev/fluxus/fluxus-Info copy.plist";
				INSTALL_PATH = "$(USER_APPS_DIR)";
				LIBRARY_SEARCH_PATHS = (
					../libs,
					/Users/tigital/dev/fluxus,
					/Users/tigital/dev/ode/lib,
					"$(SRCROOT)/build/Frameworks",
				);
				OTHER_CFLAGS = "";
				OTHER_CPLUSPLUSFLAGS = (
					"-ffast-math",
					"-fPIC",
					"-faltivec",
				);
				OTHER_LDFLAGS = (
					"-lpng",
					"-lsndfile",
					"-lguile",
					"-lobjc",
					"-lz",
					"-ltiff",
					"-ljpeg",
					"-llo",
					"-lfftw3",
				);
				OTHER_REZFLAGS = "";
				PRODUCT_NAME = fluxus;
				SECTORDER_FLAGS = "";
				WARNING_CFLAGS = (
					"-Wmost",
					"-Wno-four-char-constants",
					"-Wno-unknown-pragmas",
				);
			};
			name = Default;
		};
		12536C3109055D4500375D6A /* Development */ = {
			isa = XCBuildConfiguration;
			buildSettings = {
				LIBRARY_SEARCH_PATHS = (
					/opt/local/lib/,
					/usr/local/lib/,
				);
			};
			name = Development;
		};
		12536C3209055D4500375D6A /* Deployment */ = {
			isa = XCBuildConfiguration;
			buildSettings = {
				LIBRARY_SEARCH_PATHS = (
					/opt/local/lib/,
					/usr/local/lib/,
				);
				LIBRARY_STYLE = BUNDLE;
			};
			name = Deployment;
		};
		12536C3309055D4500375D6A /* Default */ = {
			isa = XCBuildConfiguration;
			buildSettings = {
			};
			name = Default;
		};
/* End XCBuildConfiguration section */

/* Begin XCConfigurationList section */
		12536C2009055D4500375D6A /* Build configuration list for PBXNativeTarget "fluxus" */ = {
			isa = XCConfigurationList;
			buildConfigurations = (
				12536C2109055D4500375D6A /* Development */,
				12536C2209055D4500375D6A /* Deployment */,
				12536C2309055D4500375D6A /* Default */,
			);
			defaultConfigurationIsVisible = 0;
			defaultConfigurationName = Default;
		};
		12536C2409055D4500375D6A /* Build configuration list for PBXToolTarget "patest_saw" */ = {
			isa = XCConfigurationList;
			buildConfigurations = (
				12536C2509055D4500375D6A /* Development */,
				12536C2609055D4500375D6A /* Deployment */,
				12536C2709055D4500375D6A /* Default */,
			);
			defaultConfigurationIsVisible = 0;
			defaultConfigurationName = Default;
		};
		12536C2809055D4500375D6A /* Build configuration list for PBXToolTarget "debug_multi_in" */ = {
			isa = XCConfigurationList;
			buildConfigurations = (
				12536C2909055D4500375D6A /* Development */,
				12536C2A09055D4500375D6A /* Deployment */,
				12536C2B09055D4500375D6A /* Default */,
			);
			defaultConfigurationIsVisible = 0;
			defaultConfigurationName = Default;
		};
		12536C2C09055D4500375D6A /* Build configuration list for PBXNativeTarget "fluxus-G3" */ = {
			isa = XCConfigurationList;
			buildConfigurations = (
				12536C2D09055D4500375D6A /* Development */,
				12536C2E09055D4500375D6A /* Deployment */,
				12536C2F09055D4500375D6A /* Default */,
			);
			defaultConfigurationIsVisible = 0;
			defaultConfigurationName = Default;
		};
		12536C3009055D4500375D6A /* Build configuration list for PBXProject "fluxus" */ = {
			isa = XCConfigurationList;
			buildConfigurations = (
				12536C3109055D4500375D6A /* Development */,
				12536C3209055D4500375D6A /* Deployment */,
				12536C3309055D4500375D6A /* Default */,
			);
			defaultConfigurationIsVisible = 0;
			defaultConfigurationName = Default;
		};
/* End XCConfigurationList section */
	};
	rootObject = FD0AF5FF07CAA7F60042F2C0 /* Project object */;
}
